// !$*UTF8*$!
{
	archiveVersion = 1;
	classes = {
	};
	objectVersion = 46;
	objects = {

/* Begin PBXBuildFile section */
		49057A211C279F0A0079275E /* main.m in Sources */ = {isa = PBXBuildFile; fileRef = 49057A201C279F0A0079275E /* main.m */; };
		49057A241C279F0A0079275E /* AppDelegate.m in Sources */ = {isa = PBXBuildFile; fileRef = 49057A231C279F0A0079275E /* AppDelegate.m */; };
		49057A271C279F0A0079275E /* ViewController.m in Sources */ = {isa = PBXBuildFile; fileRef = 49057A261C279F0A0079275E /* ViewController.m */; };
		49057A2A1C279F0A0079275E /* Main.storyboard in Resources */ = {isa = PBXBuildFile; fileRef = 49057A281C279F0A0079275E /* Main.storyboard */; };
		49057A2C1C279F0A0079275E /* Assets.xcassets in Resources */ = {isa = PBXBuildFile; fileRef = 49057A2B1C279F0A0079275E /* Assets.xcassets */; };
		49057A2F1C279F0A0079275E /* LaunchScreen.storyboard in Resources */ = {isa = PBXBuildFile; fileRef = 49057A2D1C279F0A0079275E /* LaunchScreen.storyboard */; };
		49057A3A1C279F0A0079275E /* UI06_UIcontrol_UISwitch_UISegmentControlTests.m in Sources */ = {isa = PBXBuildFile; fileRef = 49057A391C279F0A0079275E /* UI06_UIcontrol_UISwitch_UISegmentControlTests.m */; };
		49057A451C279F0A0079275E /* UI06_UIcontrol_UISwitch_UISegmentControlUITests.m in Sources */ = {isa = PBXBuildFile; fileRef = 49057A441C279F0A0079275E /* UI06_UIcontrol_UISwitch_UISegmentControlUITests.m */; };
		49057AA11C27A2860079275E /* BZombie1.tiff in Resources */ = {isa = PBXBuildFile; fileRef = 49057A881C27A2860079275E /* BZombie1.tiff */; };
		49057AA21C27A2860079275E /* BZombie2.tiff in Resources */ = {isa = PBXBuildFile; fileRef = 49057A891C27A2860079275E /* BZombie2.tiff */; };
		49057AA31C27A2860079275E /* BZombie3.tiff in Resources */ = {isa = PBXBuildFile; fileRef = 49057A8A1C27A2860079275E /* BZombie3.tiff */; };
		49057AA41C27A2860079275E /* BZombie4.tiff in Resources */ = {isa = PBXBuildFile; fileRef = 49057A8B1C27A2860079275E /* BZombie4.tiff */; };
		49057AA51C27A2860079275E /* BZombie5.tiff in Resources */ = {isa = PBXBuildFile; fileRef = 49057A8C1C27A2860079275E /* BZombie5.tiff */; };
		49057AA61C27A2860079275E /* BZombie6.tiff in Resources */ = {isa = PBXBuildFile; fileRef = 49057A8D1C27A2860079275E /* BZombie6.tiff */; };
		49057AA71C27A2860079275E /* BZombie7.tiff in Resources */ = {isa = PBXBuildFile; fileRef = 49057A8E1C27A2860079275E /* BZombie7.tiff */; };
		49057AA81C27A2860079275E /* BZombie8.tiff in Resources */ = {isa = PBXBuildFile; fileRef = 49057A8F1C27A2860079275E /* BZombie8.tiff */; };
		49057AA91C27A2860079275E /* BZombie9.tiff in Resources */ = {isa = PBXBuildFile; fileRef = 49057A901C27A2860079275E /* BZombie9.tiff */; };
		49057AAA1C27A2860079275E /* BZombie10.tiff in Resources */ = {isa = PBXBuildFile; fileRef = 49057A911C27A2860079275E /* BZombie10.tiff */; };
		49057AAB1C27A2860079275E /* BZombie11.tiff in Resources */ = {isa = PBXBuildFile; fileRef = 49057A921C27A2860079275E /* BZombie11.tiff */; };
		49057AAC1C27A2860079275E /* BZombie12.tiff in Resources */ = {isa = PBXBuildFile; fileRef = 49057A931C27A2860079275E /* BZombie12.tiff */; };
		49057AAD1C27A2860079275E /* BZombie13.tiff in Resources */ = {isa = PBXBuildFile; fileRef = 49057A941C27A2860079275E /* BZombie13.tiff */; };
		49057AAE1C27A2860079275E /* BZombie14.tiff in Resources */ = {isa = PBXBuildFile; fileRef = 49057A951C27A2860079275E /* BZombie14.tiff */; };
		49057AAF1C27A2860079275E /* BZombie15.tiff in Resources */ = {isa = PBXBuildFile; fileRef = 49057A961C27A2860079275E /* BZombie15.tiff */; };
		49057AB01C27A2860079275E /* BZombie16.tiff in Resources */ = {isa = PBXBuildFile; fileRef = 49057A971C27A2860079275E /* BZombie16.tiff */; };
		49057AB11C27A2860079275E /* BZombie17.tiff in Resources */ = {isa = PBXBuildFile; fileRef = 49057A981C27A2860079275E /* BZombie17.tiff */; };
		49057AB21C27A2860079275E /* BZombie18.tiff in Resources */ = {isa = PBXBuildFile; fileRef = 49057A991C27A2860079275E /* BZombie18.tiff */; };
		49057AB31C27A2860079275E /* BZombie19.tiff in Resources */ = {isa = PBXBuildFile; fileRef = 49057A9A1C27A2860079275E /* BZombie19.tiff */; };
		49057AB41C27A2860079275E /* BZombie20.tiff in Resources */ = {isa = PBXBuildFile; fileRef = 49057A9B1C27A2860079275E /* BZombie20.tiff */; };
		49057AB51C27A2860079275E /* BZombie21.tiff in Resources */ = {isa = PBXBuildFile; fileRef = 49057A9C1C27A2860079275E /* BZombie21.tiff */; };
		49057AB61C27A2860079275E /* BZombie22.tiff in Resources */ = {isa = PBXBuildFile; fileRef = 49057A9D1C27A2860079275E /* BZombie22.tiff */; };
		49057AB71C27A2860079275E /* BZombie23.tiff in Resources */ = {isa = PBXBuildFile; fileRef = 49057A9E1C27A2860079275E /* BZombie23.tiff */; };
		49057AB81C27A2860079275E /* BZombie24.tiff in Resources */ = {isa = PBXBuildFile; fileRef = 49057A9F1C27A2860079275E /* BZombie24.tiff */; };
		49057AB91C27A2860079275E /* BZombie25.tiff in Resources */ = {isa = PBXBuildFile; fileRef = 49057AA01C27A2860079275E /* BZombie25.tiff */; };
		49057ABD1C27ADB50079275E /* w.png in Resources */ = {isa = PBXBuildFile; fileRef = 49057ABB1C27ADB50079275E /* w.png */; };
		49057ABE1C27ADB50079275E /* 1.png in Resources */ = {isa = PBXBuildFile; fileRef = 49057ABC1C27ADB50079275E /* 1.png */; };
/* End PBXBuildFile section */

/* Begin PBXContainerItemProxy section */
		49057A361C279F0A0079275E /* PBXContainerItemProxy */ = {
			isa = PBXContainerItemProxy;
			containerPortal = 49057A141C279F0A0079275E /* Project object */;
			proxyType = 1;
			remoteGlobalIDString = 49057A1B1C279F0A0079275E;
			remoteInfo = UI06_UIcontrol_UISwitch_UISegmentControl;
		};
		49057A411C279F0A0079275E /* PBXContainerItemProxy */ = {
			isa = PBXContainerItemProxy;
			containerPortal = 49057A141C279F0A0079275E /* Project object */;
			proxyType = 1;
			remoteGlobalIDString = 49057A1B1C279F0A0079275E;
			remoteInfo = UI06_UIcontrol_UISwitch_UISegmentControl;
		};
/* End PBXContainerItemProxy section */

/* Begin PBXFileReference section */
		49057A1C1C279F0A0079275E /* UI06_UIcontrol_UISwitch_UISegmentControl.app */ = {isa = PBXFileReference; explicitFileType = wrapper.application; includeInIndex = 0; path = UI06_UIcontrol_UISwitch_UISegmentControl.app; sourceTree = BUILT_PRODUCTS_DIR; };
		49057A201C279F0A0079275E /* main.m */ = {isa = PBXFileReference; lastKnownFileType = sourcecode.c.objc; path = main.m; sourceTree = "<group>"; };
		49057A221C279F0A0079275E /* AppDelegate.h */ = {isa = PBXFileReference; lastKnownFileType = sourcecode.c.h; path = AppDelegate.h; sourceTree = "<group>"; };
		49057A231C279F0A0079275E /* AppDelegate.m */ = {isa = PBXFileReference; lastKnownFileType = sourcecode.c.objc; path = AppDelegate.m; sourceTree = "<group>"; };
		49057A251C279F0A0079275E /* ViewController.h */ = {isa = PBXFileReference; lastKnownFileType = sourcecode.c.h; path = ViewController.h; sourceTree = "<group>"; };
		49057A261C279F0A0079275E /* ViewController.m */ = {isa = PBXFileReference; lastKnownFileType = sourcecode.c.objc; path = ViewController.m; sourceTree = "<group>"; };
		49057A291C279F0A0079275E /* Base */ = {isa = PBXFileReference; lastKnownFileType = file.storyboard; name = Base; path = Base.lproj/Main.storyboard; sourceTree = "<group>"; };
		49057A2B1C279F0A0079275E /* Assets.xcassets */ = {isa = PBXFileReference; lastKnownFileType = folder.assetcatalog; path = Assets.xcassets; sourceTree = "<group>"; };
		49057A2E1C279F0A0079275E /* Base */ = {isa = PBXFileReference; lastKnownFileType = file.storyboard; name = Base; path = Base.lproj/LaunchScreen.storyboard; sourceTree = "<group>"; };
		49057A301C279F0A0079275E /* Info.plist */ = {isa = PBXFileReference; lastKnownFileType = text.plist.xml; path = Info.plist; sourceTree = "<group>"; };
		49057A351C279F0A0079275E /* UI06_UIcontrol_UISwitch_UISegmentControlTests.xctest */ = {isa = PBXFileReference; explicitFileType = wrapper.cfbundle; includeInIndex = 0; path = UI06_UIcontrol_UISwitch_UISegmentControlTests.xctest; sourceTree = BUILT_PRODUCTS_DIR; };
		49057A391C279F0A0079275E /* UI06_UIcontrol_UISwitch_UISegmentControlTests.m */ = {isa = PBXFileReference; lastKnownFileType = sourcecode.c.objc; path = UI06_UIcontrol_UISwitch_UISegmentControlTests.m; sourceTree = "<group>"; };
		49057A3B1C279F0A0079275E /* Info.plist */ = {isa = PBXFileReference; lastKnownFileType = text.plist.xml; path = Info.plist; sourceTree = "<group>"; };
		49057A401C279F0A0079275E /* UI06_UIcontrol_UISwitch_UISegmentControlUITests.xctest */ = {isa = PBXFileReference; explicitFileType = wrapper.cfbundle; includeInIndex = 0; path = UI06_UIcontrol_UISwitch_UISegmentControlUITests.xctest; sourceTree = BUILT_PRODUCTS_DIR; };
		49057A441C279F0A0079275E /* UI06_UIcontrol_UISwitch_UISegmentControlUITests.m */ = {isa = PBXFileReference; lastKnownFileType = sourcecode.c.objc; path = UI06_UIcontrol_UISwitch_UISegmentControlUITests.m; sourceTree = "<group>"; };
		49057A461C279F0A0079275E /* Info.plist */ = {isa = PBXFileReference; lastKnownFileType = text.plist.xml; path = Info.plist; sourceTree = "<group>"; };
		49057A881C27A2860079275E /* BZombie1.tiff */ = {isa = PBXFileReference; lastKnownFileType = image.tiff; path = BZombie1.tiff; sourceTree = "<group>"; };
		49057A891C27A2860079275E /* BZombie2.tiff */ = {isa = PBXFileReference; lastKnownFileType = image.tiff; path = BZombie2.tiff; sourceTree = "<group>"; };
		49057A8A1C27A2860079275E /* BZombie3.tiff */ = {isa = PBXFileReference; lastKnownFileType = image.tiff; path = BZombie3.tiff; sourceTree = "<group>"; };
		49057A8B1C27A2860079275E /* BZombie4.tiff */ = {isa = PBXFileReference; lastKnownFileType = image.tiff; path = BZombie4.tiff; sourceTree = "<group>"; };
		49057A8C1C27A2860079275E /* BZombie5.tiff */ = {isa = PBXFileReference; lastKnownFileType = image.tiff; path = BZombie5.tiff; sourceTree = "<group>"; };
		49057A8D1C27A2860079275E /* BZombie6.tiff */ = {isa = PBXFileReference; lastKnownFileType = image.tiff; path = BZombie6.tiff; sourceTree = "<group>"; };
		49057A8E1C27A2860079275E /* BZombie7.tiff */ = {isa = PBXFileReference; lastKnownFileType = image.tiff; path = BZombie7.tiff; sourceTree = "<group>"; };
		49057A8F1C27A2860079275E /* BZombie8.tiff */ = {isa = PBXFileReference; lastKnownFileType = image.tiff; path = BZombie8.tiff; sourceTree = "<group>"; };
		49057A901C27A2860079275E /* BZombie9.tiff */ = {isa = PBXFileReference; lastKnownFileType = image.tiff; path = BZombie9.tiff; sourceTree = "<group>"; };
		49057A911C27A2860079275E /* BZombie10.tiff */ = {isa = PBXFileReference; lastKnownFileType = image.tiff; path = BZombie10.tiff; sourceTree = "<group>"; };
		49057A921C27A2860079275E /* BZombie11.tiff */ = {isa = PBXFileReference; lastKnownFileType = image.tiff; path = BZombie11.tiff; sourceTree = "<group>"; };
		49057A931C27A2860079275E /* BZombie12.tiff */ = {isa = PBXFileReference; lastKnownFileType = image.tiff; path = BZombie12.tiff; sourceTree = "<group>"; };
		49057A941C27A2860079275E /* BZombie13.tiff */ = {isa = PBXFileReference; lastKnownFileType = image.tiff; path = BZombie13.tiff; sourceTree = "<group>"; };
		49057A951C27A2860079275E /* BZombie14.tiff */ = {isa = PBXFileReference; lastKnownFileType = image.tiff; path = BZombie14.tiff; sourceTree = "<group>"; };
		49057A961C27A2860079275E /* BZombie15.tiff */ = {isa = PBXFileReference; lastKnownFileType = image.tiff; path = BZombie15.tiff; sourceTree = "<group>"; };
		49057A971C27A2860079275E /* BZombie16.tiff */ = {isa = PBXFileReference; lastKnownFileType = image.tiff; path = BZombie16.tiff; sourceTree = "<group>"; };
		49057A981C27A2860079275E /* BZombie17.tiff */ = {isa = PBXFileReference; lastKnownFileType = image.tiff; path = BZombie17.tiff; sourceTree = "<group>"; };
		49057A991C27A2860079275E /* BZombie18.tiff */ = {isa = PBXFileReference; lastKnownFileType = image.tiff; path = BZombie18.tiff; sourceTree = "<group>"; };
		49057A9A1C27A2860079275E /* BZombie19.tiff */ = {isa = PBXFileReference; lastKnownFileType = image.tiff; path = BZombie19.tiff; sourceTree = "<group>"; };
		49057A9B1C27A2860079275E /* BZombie20.tiff */ = {isa = PBXFileReference; lastKnownFileType = image.tiff; path = BZombie20.tiff; sourceTree = "<group>"; };
		49057A9C1C27A2860079275E /* BZombie21.tiff */ = {isa = PBXFileReference; lastKnownFileType = image.tiff; path = BZombie21.tiff; sourceTree = "<group>"; };
		49057A9D1C27A2860079275E /* BZombie22.tiff */ = {isa = PBXFileReference; lastKnownFileType = image.tiff; path = BZombie22.tiff; sourceTree = "<group>"; };
		49057A9E1C27A2860079275E /* BZombie23.tiff */ = {isa = PBXFileReference; lastKnownFileType = image.tiff; path = BZombie23.tiff; sourceTree = "<group>"; };
		49057A9F1C27A2860079275E /* BZombie24.tiff */ = {isa = PBXFileReference; lastKnownFileType = image.tiff; path = BZombie24.tiff; sourceTree = "<group>"; };
		49057AA01C27A2860079275E /* BZombie25.tiff */ = {isa = PBXFileReference; lastKnownFileType = image.tiff; path = BZombie25.tiff; sourceTree = "<group>"; };
		49057ABB1C27ADB50079275E /* w.png */ = {isa = PBXFileReference; lastKnownFileType = image.png; path = w.png; sourceTree = "<group>"; };
		49057ABC1C27ADB50079275E /* 1.png */ = {isa = PBXFileReference; lastKnownFileType = image.png; path = 1.png; sourceTree = "<group>"; };
/* End PBXFileReference section */

/* Begin PBXFrameworksBuildPhase section */
		49057A191C279F0A0079275E /* Frameworks */ = {
			isa = PBXFrameworksBuildPhase;
			buildActionMask = 2147483647;
			files = (
			);
			runOnlyForDeploymentPostprocessing = 0;
		};
		49057A321C279F0A0079275E /* Frameworks */ = {
			isa = PBXFrameworksBuildPhase;
			buildActionMask = 2147483647;
			files = (
			);
			runOnlyForDeploymentPostprocessing = 0;
		};
		49057A3D1C279F0A0079275E /* Frameworks */ = {
			isa = PBXFrameworksBuildPhase;
			buildActionMask = 2147483647;
			files = (
			);
			runOnlyForDeploymentPostprocessing = 0;
		};
/* End PBXFrameworksBuildPhase section */

/* Begin PBXGroup section */
		49057A131C279F0A0079275E = {
			isa = PBXGroup;
			children = (
				49057ABB1C27ADB50079275E /* w.png */,
				49057ABC1C27ADB50079275E /* 1.png */,
				49057A1E1C279F0A0079275E /* UI06_UIcontrol_UISwitch_UISegmentControl */,
				49057A381C279F0A0079275E /* UI06_UIcontrol_UISwitch_UISegmentControlTests */,
				49057A431C279F0A0079275E /* UI06_UIcontrol_UISwitch_UISegmentControlUITests */,
				49057A1D1C279F0A0079275E /* Products */,
			);
			sourceTree = "<group>";
		};
		49057A1D1C279F0A0079275E /* Products */ = {
			isa = PBXGroup;
			children = (
				49057A1C1C279F0A0079275E /* UI06_UIcontrol_UISwitch_UISegmentControl.app */,
				49057A351C279F0A0079275E /* UI06_UIcontrol_UISwitch_UISegmentControlTests.xctest */,
				49057A401C279F0A0079275E /* UI06_UIcontrol_UISwitch_UISegmentControlUITests.xctest */,
			);
			name = Products;
			sourceTree = "<group>";
		};
		49057A1E1C279F0A0079275E /* UI06_UIcontrol_UISwitch_UISegmentControl */ = {
			isa = PBXGroup;
			children = (
				49057A221C279F0A0079275E /* AppDelegate.h */,
				49057A231C279F0A0079275E /* AppDelegate.m */,
				49057A251C279F0A0079275E /* ViewController.h */,
				49057A261C279F0A0079275E /* ViewController.m */,
				49057A281C279F0A0079275E /* Main.storyboard */,
				49057ABA1C27AA0D0079275E /* New Group1 */,
				49057A2B1C279F0A0079275E /* Assets.xcassets */,
				49057A2D1C279F0A0079275E /* LaunchScreen.storyboard */,
				49057A301C279F0A0079275E /* Info.plist */,
				49057A1F1C279F0A0079275E /* Supporting Files */,
			);
			path = UI06_UIcontrol_UISwitch_UISegmentControl;
			sourceTree = "<group>";
		};
		49057A1F1C279F0A0079275E /* Supporting Files */ = {
			isa = PBXGroup;
			children = (
				49057A201C279F0A0079275E /* main.m */,
			);
			name = "Supporting Files";
			sourceTree = "<group>";
		};
		49057A381C279F0A0079275E /* UI06_UIcontrol_UISwitch_UISegmentControlTests */ = {
			isa = PBXGroup;
			children = (
				49057A391C279F0A0079275E /* UI06_UIcontrol_UISwitch_UISegmentControlTests.m */,
				49057A3B1C279F0A0079275E /* Info.plist */,
			);
			path = UI06_UIcontrol_UISwitch_UISegmentControlTests;
			sourceTree = "<group>";
		};
		49057A431C279F0A0079275E /* UI06_UIcontrol_UISwitch_UISegmentControlUITests */ = {
			isa = PBXGroup;
			children = (
				49057A441C279F0A0079275E /* UI06_UIcontrol_UISwitch_UISegmentControlUITests.m */,
				49057A461C279F0A0079275E /* Info.plist */,
			);
			path = UI06_UIcontrol_UISwitch_UISegmentControlUITests;
			sourceTree = "<group>";
		};
		49057A521C27A0DB0079275E /* New Group */ = {
			isa = PBXGroup;
			children = (
				49057A881C27A2860079275E /* BZombie1.tiff */,
				49057A891C27A2860079275E /* BZombie2.tiff */,
				49057A8A1C27A2860079275E /* BZombie3.tiff */,
				49057A8B1C27A2860079275E /* BZombie4.tiff */,
				49057A8C1C27A2860079275E /* BZombie5.tiff */,
				49057A8D1C27A2860079275E /* BZombie6.tiff */,
				49057A8E1C27A2860079275E /* BZombie7.tiff */,
				49057A8F1C27A2860079275E /* BZombie8.tiff */,
				49057A901C27A2860079275E /* BZombie9.tiff */,
				49057A911C27A2860079275E /* BZombie10.tiff */,
				49057A921C27A2860079275E /* BZombie11.tiff */,
				49057A931C27A2860079275E /* BZombie12.tiff */,
				49057A941C27A2860079275E /* BZombie13.tiff */,
				49057A951C27A2860079275E /* BZombie14.tiff */,
				49057A961C27A2860079275E /* BZombie15.tiff */,
				49057A971C27A2860079275E /* BZombie16.tiff */,
				49057A981C27A2860079275E /* BZombie17.tiff */,
				49057A991C27A2860079275E /* BZombie18.tiff */,
				49057A9A1C27A2860079275E /* BZombie19.tiff */,
				49057A9B1C27A2860079275E /* BZombie20.tiff */,
				49057A9C1C27A2860079275E /* BZombie21.tiff */,
				49057A9D1C27A2860079275E /* BZombie22.tiff */,
				49057A9E1C27A2860079275E /* BZombie23.tiff */,
				49057A9F1C27A2860079275E /* BZombie24.tiff */,
				49057AA01C27A2860079275E /* BZombie25.tiff */,
			);
			name = "New Group";
			sourceTree = "<group>";
		};
		49057ABA1C27AA0D0079275E /* New Group1 */ = {
			isa = PBXGroup;
			children = (
				49057A521C27A0DB0079275E /* New Group */,
			);
			name = "New Group1";
			sourceTree = "<group>";
		};
/* End PBXGroup section */

/* Begin PBXNativeTarget section */
		49057A1B1C279F0A0079275E /* UI06_UIcontrol_UISwitch_UISegmentControl */ = {
			isa = PBXNativeTarget;
			buildConfigurationList = 49057A491C279F0A0079275E /* Build configuration list for PBXNativeTarget "UI06_UIcontrol_UISwitch_UISegmentControl" */;
			buildPhases = (
				49057A181C279F0A0079275E /* Sources */,
				49057A191C279F0A0079275E /* Frameworks */,
				49057A1A1C279F0A0079275E /* Resources */,
			);
			buildRules = (
			);
			dependencies = (
			);
			name = UI06_UIcontrol_UISwitch_UISegmentControl;
			productName = UI06_UIcontrol_UISwitch_UISegmentControl;
			productReference = 49057A1C1C279F0A0079275E /* UI06_UIcontrol_UISwitch_UISegmentControl.app */;
			productType = "com.apple.product-type.application";
		};
		49057A341C279F0A0079275E /* UI06_UIcontrol_UISwitch_UISegmentControlTests */ = {
			isa = PBXNativeTarget;
			buildConfigurationList = 49057A4C1C279F0A0079275E /* Build configuration list for PBXNativeTarget "UI06_UIcontrol_UISwitch_UISegmentControlTests" */;
			buildPhases = (
				49057A311C279F0A0079275E /* Sources */,
				49057A321C279F0A0079275E /* Frameworks */,
				49057A331C279F0A0079275E /* Resources */,
			);
			buildRules = (
			);
			dependencies = (
				49057A371C279F0A0079275E /* PBXTargetDependency */,
			);
			name = UI06_UIcontrol_UISwitch_UISegmentControlTests;
			productName = UI06_UIcontrol_UISwitch_UISegmentControlTests;
			productReference = 49057A351C279F0A0079275E /* UI06_UIcontrol_UISwitch_UISegmentControlTests.xctest */;
			productType = "com.apple.product-type.bundle.unit-test";
		};
		49057A3F1C279F0A0079275E /* UI06_UIcontrol_UISwitch_UISegmentControlUITests */ = {
			isa = PBXNativeTarget;
			buildConfigurationList = 49057A4F1C279F0A0079275E /* Build configuration list for PBXNativeTarget "UI06_UIcontrol_UISwitch_UISegmentControlUITests" */;
			buildPhases = (
				49057A3C1C279F0A0079275E /* Sources */,
				49057A3D1C279F0A0079275E /* Frameworks */,
				49057A3E1C279F0A0079275E /* Resources */,
			);
			buildRules = (
			);
			dependencies = (
				49057A421C279F0A0079275E /* PBXTargetDependency */,
			);
			name = UI06_UIcontrol_UISwitch_UISegmentControlUITests;
			productName = UI06_UIcontrol_UISwitch_UISegmentControlUITests;
			productReference = 49057A401C279F0A0079275E /* UI06_UIcontrol_UISwitch_UISegmentControlUITests.xctest */;
			productType = "com.apple.product-type.bundle.ui-testing";
		};
/* End PBXNativeTarget section */

/* Begin PBXProject section */
		49057A141C279F0A0079275E /* Project object */ = {
			isa = PBXProject;
			attributes = {
				LastUpgradeCheck = 0710;
				ORGANIZATIONNAME = "doll-61";
				TargetAttributes = {
					49057A1B1C279F0A0079275E = {
						CreatedOnToolsVersion = 7.1;
					};
					49057A341C279F0A0079275E = {
						CreatedOnToolsVersion = 7.1;
						TestTargetID = 49057A1B1C279F0A0079275E;
					};
					49057A3F1C279F0A0079275E = {
						CreatedOnToolsVersion = 7.1;
						TestTargetID = 49057A1B1C279F0A0079275E;
					};
				};
			};
			buildConfigurationList = 49057A171C279F0A0079275E /* Build configuration list for PBXProject "UI06_UIcontrol_UISwitch_UISegmentControl" */;
			compatibilityVersion = "Xcode 3.2";
			developmentRegion = English;
			hasScannedForEncodings = 0;
			knownRegions = (
				en,
				Base,
			);
			mainGroup = 49057A131C279F0A0079275E;
			productRefGroup = 49057A1D1C279F0A0079275E /* Products */;
			projectDirPath = "";
			projectRoot = "";
			targets = (
				49057A1B1C279F0A0079275E /* UI06_UIcontrol_UISwitch_UISegmentControl */,
				49057A341C279F0A0079275E /* UI06_UIcontrol_UISwitch_UISegmentControlTests */,
				49057A3F1C279F0A0079275E /* UI06_UIcontrol_UISwitch_UISegmentControlUITests */,
			);
		};
/* End PBXProject section */

/* Begin PBXResourcesBuildPhase section */
		49057A1A1C279F0A0079275E /* Resources */ = {
			isa = PBXResourcesBuildPhase;
			buildActionMask = 2147483647;
			files = (
				49057AA21C27A2860079275E /* BZombie2.tiff in Resources */,
				49057AAD1C27A2860079275E /* BZombie13.tiff in Resources */,
				49057AA51C27A2860079275E /* BZombie5.tiff in Resources */,
				49057AAE1C27A2860079275E /* BZombie14.tiff in Resources */,
				49057AB61C27A2860079275E /* BZombie22.tiff in Resources */,
				49057AA61C27A2860079275E /* BZombie6.tiff in Resources */,
				49057A2F1C279F0A0079275E /* LaunchScreen.storyboard in Resources */,
				49057AA11C27A2860079275E /* BZombie1.tiff in Resources */,
				49057AB91C27A2860079275E /* BZombie25.tiff in Resources */,
				49057ABE1C27ADB50079275E /* 1.png in Resources */,
				49057AB81C27A2860079275E /* BZombie24.tiff in Resources */,
				49057AA91C27A2860079275E /* BZombie9.tiff in Resources */,
				49057AB51C27A2860079275E /* BZombie21.tiff in Resources */,
				49057AA71C27A2860079275E /* BZombie7.tiff in Resources */,
				49057AB21C27A2860079275E /* BZombie18.tiff in Resources */,
				49057ABD1C27ADB50079275E /* w.png in Resources */,
				49057AB11C27A2860079275E /* BZombie17.tiff in Resources */,
				49057AAF1C27A2860079275E /* BZombie15.tiff in Resources */,
				49057A2C1C279F0A0079275E /* Assets.xcassets in Resources */,
				49057AB01C27A2860079275E /* BZombie16.tiff in Resources */,
				49057A2A1C279F0A0079275E /* Main.storyboard in Resources */,
				49057AAC1C27A2860079275E /* BZombie12.tiff in Resources */,
				49057AAB1C27A2860079275E /* BZombie11.tiff in Resources */,
				49057AB31C27A2860079275E /* BZombie19.tiff in Resources */,
				49057AA31C27A2860079275E /* BZombie3.tiff in Resources */,
				49057AA41C27A2860079275E /* BZombie4.tiff in Resources */,
				49057AB71C27A2860079275E /* BZombie23.tiff in Resources */,
				49057AAA1C27A2860079275E /* BZombie10.tiff in Resources */,
				49057AA81C27A2860079275E /* BZombie8.tiff in Resources */,
				49057AB41C27A2860079275E /* BZombie20.tiff in Resources */,
			);
			runOnlyForDeploymentPostprocessing = 0;
		};
		49057A331C279F0A0079275E /* Resources */ = {
			isa = PBXResourcesBuildPhase;
			buildActionMask = 2147483647;
			files = (
			);
			runOnlyForDeploymentPostprocessing = 0;
		};
		49057A3E1C279F0A0079275E /* Resources */ = {
			isa = PBXResourcesBuildPhase;
			buildActionMask = 2147483647;
			files = (
			);
			runOnlyForDeploymentPostprocessing = 0;
		};
/* End PBXResourcesBuildPhase section */

/* Begin PBXSourcesBuildPhase section */
		49057A181C279F0A0079275E /* Sources */ = {
			isa = PBXSourcesBuildPhase;
			buildActionMask = 2147483647;
			files = (
				49057A271C279F0A0079275E /* ViewController.m in Sources */,
				49057A241C279F0A0079275E /* AppDelegate.m in Sources */,
				49057A211C279F0A0079275E /* main.m in Sources */,
			);
			runOnlyForDeploymentPostprocessing = 0;
		};
		49057A311C279F0A0079275E /* Sources */ = {
			isa = PBXSourcesBuildPhase;
			buildActionMask = 2147483647;
			files = (
				49057A3A1C279F0A0079275E /* UI06_UIcontrol_UISwitch_UISegmentControlTests.m in Sources */,
			);
			runOnlyForDeploymentPostprocessing = 0;
		};
		49057A3C1C279F0A0079275E /* Sources */ = {
			isa = PBXSourcesBuildPhase;
			buildActionMask = 2147483647;
			files = (
				49057A451C279F0A0079275E /* UI06_UIcontrol_UISwitch_UISegmentControlUITests.m in Sources */,
			);
			runOnlyForDeploymentPostprocessing = 0;
		};
/* End PBXSourcesBuildPhase section */

/* Begin PBXTargetDependency section */
		49057A371C279F0A0079275E /* PBXTargetDependency */ = {
			isa = PBXTargetDependency;
			target = 49057A1B1C279F0A0079275E /* UI06_UIcontrol_UISwitch_UISegmentControl */;
			targetProxy = 49057A361C279F0A0079275E /* PBXContainerItemProxy */;
		};
		49057A421C279F0A0079275E /* PBXTargetDependency */ = {
			isa = PBXTargetDependency;
			target = 49057A1B1C279F0A0079275E /* UI06_UIcontrol_UISwitch_UISegmentControl */;
			targetProxy = 49057A411C279F0A0079275E /* PBXContainerItemProxy */;
		};
/* End PBXTargetDependency section */

/* Begin PBXVariantGroup section */
		49057A281C279F0A0079275E /* Main.storyboard */ = {
			isa = PBXVariantGroup;
			children = (
				49057A291C279F0A0079275E /* Base */,
			);
			name = Main.storyboard;
			sourceTree = "<group>";
		};
		49057A2D1C279F0A0079275E /* LaunchScreen.storyboard */ = {
			isa = PBXVariantGroup;
			children = (
				49057A2E1C279F0A0079275E /* Base */,
			);
			name = LaunchScreen.storyboard;
			sourceTree = "<group>";
		};
/* End PBXVariantGroup section */

/* Begin XCBuildConfiguration section */
		49057A471C279F0A0079275E /* Debug */ = {
			isa = XCBuildConfiguration;
			buildSettings = {
				ALWAYS_SEARCH_USER_PATHS = NO;
				CLANG_CXX_LANGUAGE_STANDARD = "gnu++0x";
				CLANG_CXX_LIBRARY = "libc++";
				CLANG_ENABLE_MODULES = YES;
				CLANG_ENABLE_OBJC_ARC = YES;
				CLANG_WARN_BOOL_CONVERSION = YES;
				CLANG_WARN_CONSTANT_CONVERSION = YES;
				CLANG_WARN_DIRECT_OBJC_ISA_USAGE = YES_ERROR;
				CLANG_WARN_EMPTY_BODY = YES;
				CLANG_WARN_ENUM_CONVERSION = YES;
				CLANG_WARN_INT_CONVERSION = YES;
				CLANG_WARN_OBJC_ROOT_CLASS = YES_ERROR;
				CLANG_WARN_UNREACHABLE_CODE = YES;
				CLANG_WARN__DUPLICATE_METHOD_MATCH = YES;
				"CODE_SIGN_IDENTITY[sdk=iphoneos*]" = "iPhone Developer";
				COPY_PHASE_STRIP = NO;
				DEBUG_INFORMATION_FORMAT = dwarf;
				ENABLE_STRICT_OBJC_MSGSEND = YES;
				ENABLE_TESTABILITY = YES;
				GCC_C_LANGUAGE_STANDARD = gnu99;
				GCC_DYNAMIC_NO_PIC = NO;
				GCC_NO_COMMON_BLOCKS = YES;
				GCC_OPTIMIZATION_LEVEL = 0;
				GCC_PREPROCESSOR_DEFINITIONS = (
					"DEBUG=1",
					"$(inherited)",
				);
				GCC_WARN_64_TO_32_BIT_CONVERSION = YES;
				GCC_WARN_ABOUT_RETURN_TYPE = YES_ERROR;
				GCC_WARN_UNDECLARED_SELECTOR = YES;
				GCC_WARN_UNINITIALIZED_AUTOS = YES_AGGRESSIVE;
				GCC_WARN_UNUSED_FUNCTION = YES;
				GCC_WARN_UNUSED_VARIABLE = YES;
				IPHONEOS_DEPLOYMENT_TARGET = 9.1;
				MTL_ENABLE_DEBUG_INFO = YES;
				ONLY_ACTIVE_ARCH = YES;
				SDKROOT = iphoneos;
			};
			name = Debug;
		};
		49057A481C279F0A0079275E /* Release */ = {
			isa = XCBuildConfiguration;
			buildSettings = {
				ALWAYS_SEARCH_USER_PATHS = NO;
				CLANG_CXX_LANGUAGE_STANDARD = "gnu++0x";
				CLANG_CXX_LIBRARY = "libc++";
				CLANG_ENABLE_MODULES = YES;
				CLANG_ENABLE_OBJC_ARC = YES;
				CLANG_WARN_BOOL_CONVERSION = YES;
				CLANG_WARN_CONSTANT_CONVERSION = YES;
				CLANG_WARN_DIRECT_OBJC_ISA_USAGE = YES_ERROR;
				CLANG_WARN_EMPTY_BODY = YES;
				CLANG_WARN_ENUM_CONVERSION = YES;
				CLANG_WARN_INT_CONVERSION = YES;
				CLANG_WARN_OBJC_ROOT_CLASS = YES_ERROR;
				CLANG_WARN_UNREACHABLE_CODE = YES;
				CLANG_WARN__DUPLICATE_METHOD_MATCH = YES;
				"CODE_SIGN_IDENTITY[sdk=iphoneos*]" = "iPhone Developer";
				COPY_PHASE_STRIP = NO;
				DEBUG_INFORMATION_FORMAT = "dwarf-with-dsym";
				ENABLE_NS_ASSERTIONS = NO;
				ENABLE_STRICT_OBJC_MSGSEND = YES;
				GCC_C_LANGUAGE_STANDARD = gnu99;
				GCC_NO_COMMON_BLOCKS = YES;
				GCC_WARN_64_TO_32_BIT_CONVERSION = YES;
				GCC_WARN_ABOUT_RETURN_TYPE = YES_ERROR;
				GCC_WARN_UNDECLARED_SELECTOR = YES;
				GCC_WARN_UNINITIALIZED_AUTOS = YES_AGGRESSIVE;
				GCC_WARN_UNUSED_FUNCTION = YES;
				GCC_WARN_UNUSED_VARIABLE = YES;
				IPHONEOS_DEPLOYMENT_TARGET = 9.1;
				MTL_ENABLE_DEBUG_INFO = NO;
				SDKROOT = iphoneos;
				VALIDATE_PRODUCT = YES;
			};
			name = Release;
		};
		49057A4A1C279F0A0079275E /* Debug */ = {
			isa = XCBuildConfiguration;
			buildSettings = {
				ASSETCATALOG_COMPILER_APPICON_NAME = AppIcon;
				CLANG_ENABLE_OBJC_ARC = NO;
				INFOPLIST_FILE = UI06_UIcontrol_UISwitch_UISegmentControl/Info.plist;
				LD_RUNPATH_SEARCH_PATHS = "$(inherited) @executable_path/Frameworks";
				PRODUCT_BUNDLE_IDENTIFIER = "com.lanou3g.UI06-UIcontrol-UISwitch-UISegmentControl";
				PRODUCT_NAME = "$(TARGET_NAME)";
			};
			name = Debug;
		};
		49057A4B1C279F0A0079275E /* Release */ = {
			isa = XCBuildConfiguration;
			buildSettings = {
				ASSETCATALOG_COMPILER_APPICON_NAME = AppIcon;
				CLANG_ENABLE_OBJC_ARC = NO;
				INFOPLIST_FILE = UI06_UIcontrol_UISwitch_UISegmentControl/Info.plist;
				LD_RUNPATH_SEARCH_PATHS = "$(inherited) @executable_path/Frameworks";
				PRODUCT_BUNDLE_IDENTIFIER = "com.lanou3g.UI06-UIcontrol-UISwitch-UISegmentControl";
				PRODUCT_NAME = "$(TARGET_NAME)";
			};
			name = Release;
		};
		49057A4D1C279F0A0079275E /* Debug */ = {
			isa = XCBuildConfiguration;
			buildSettings = {
				BUNDLE_LOADER = "$(TEST_HOST)";
				INFOPLIST_FILE = UI06_UIcontrol_UISwitch_UISegmentControlTests/Info.plist;
				LD_RUNPATH_SEARCH_PATHS = "$(inherited) @executable_path/Frameworks @loader_path/Frameworks";
				PRODUCT_BUNDLE_IDENTIFIER = "com.lanou3g.UI06-UIcontrol-UISwitch-UISegmentControlTests";
				PRODUCT_NAME = "$(TARGET_NAME)";
				TEST_HOST = "$(BUILT_PRODUCTS_DIR)/UI06_UIcontrol_UISwitch_UISegmentControl.app/UI06_UIcontrol_UISwitch_UISegmentControl";
			};
			name = Debug;
		};
		49057A4E1C279F0A0079275E /* Release */ = {
			isa = XCBuildConfiguration;
			buildSettings = {
				BUNDLE_LOADER = "$(TEST_HOST)";
				INFOPLIST_FILE = UI06_UIcontrol_UISwitch_UISegmentControlTests/Info.plist;
				LD_RUNPATH_SEARCH_PATHS = "$(inherited) @executable_path/Frameworks @loader_path/Frameworks";
				PRODUCT_BUNDLE_IDENTIFIER = "com.lanou3g.UI06-UIcontrol-UISwitch-UISegmentControlTests";
				PRODUCT_NAME = "$(TARGET_NAME)";
				TEST_HOST = "$(BUILT_PRODUCTS_DIR)/UI06_UIcontrol_UISwitch_UISegmentControl.app/UI06_UIcontrol_UISwitch_UISegmentControl";
			};
			name = Release;
		};
		49057A501C279F0A0079275E /* Debug */ = {
			isa = XCBuildConfiguration;
			buildSettings = {
				INFOPLIST_FILE = UI06_UIcontrol_UISwitch_UISegmentControlUITests/Info.plist;
				LD_RUNPATH_SEARCH_PATHS = "$(inherited) @executable_path/Frameworks @loader_path/Frameworks";
				PRODUCT_BUNDLE_IDENTIFIER = "com.lanou3g.UI06-UIcontrol-UISwitch-UISegmentControlUITests";
				PRODUCT_NAME = "$(TARGET_NAME)";
				TEST_TARGET_NAME = UI06_UIcontrol_UISwitch_UISegmentControl;
				USES_XCTRUNNER = YES;
			};
			name = Debug;
		};
		49057A511C279F0A0079275E /* Release */ = {
			isa = XCBuildConfiguration;
			buildSettings = {
				INFOPLIST_FILE = UI06_UIcontrol_UISwitch_UISegmentControlUITests/Info.plist;
				LD_RUNPATH_SEARCH_PATHS = "$(inherited) @executable_path/Frameworks @loader_path/Frameworks";
				PRODUCT_BUNDLE_IDENTIFIER = "com.lanou3g.UI06-UIcontrol-UISwitch-UISegmentControlUITests";
				PRODUCT_NAME = "$(TARGET_NAME)";
				TEST_TARGET_NAME = UI06_UIcontrol_UISwitch_UISegmentControl;
				USES_XCTRUNNER = YES;
			};
			name = Release;
		};
/* End XCBuildConfiguration section */

/* Begin XCConfigurationList section */
		49057A171C279F0A0079275E /* Build configuration list for PBXProject "UI06_UIcontrol_UISwitch_UISegmentControl" */ = {
			isa = XCConfigurationList;
			buildConfigurations = (
				49057A471C279F0A0079275E /* Debug */,
				49057A481C279F0A0079275E /* Release */,
			);
			defaultConfigurationIsVisible = 0;
			defaultConfigurationName = Release;
		};
		49057A491C279F0A0079275E /* Build configuration list for PBXNativeTarget "UI06_UIcontrol_UISwitch_UISegmentControl" */ = {
			isa = XCConfigurationList;
			buildConfigurations = (
				49057A4A1C279F0A0079275E /* Debug */,
				49057A4B1C279F0A0079275E /* Release */,
			);
			defaultConfigurationIsVisible = 0;
		};
		49057A4C1C279F0A0079275E /* Build configuration list for PBXNativeTarget "UI06_UIcontrol_UISwitch_UISegmentControlTests" */ = {
			isa = XCConfigurationList;
			buildConfigurations = (
				49057A4D1C279F0A0079275E /* Debug */,
				49057A4E1C279F0A0079275E /* Release */,
			);
			defaultConfigurationIsVisible = 0;
		};
		49057A4F1C279F0A0079275E /* Build configuration list for PBXNativeTarget "UI06_UIcontrol_UISwitch_UISegmentControlUITests" */ = {
			isa = XCConfigurationList;
			buildConfigurations = (
				49057A501C279F0A0079275E /* Debug */,
				49057A511C279F0A0079275E /* Release */,
			);
			defaultConfigurationIsVisible = 0;
		};
/* End XCConfigurationList section */
	};
	rootObject = 49057A141C279F0A0079275E /* Project object */;
}
