// !$*UTF8*$!
{
	archiveVersion = 1;
	classes = {
	};
	objectVersion = 46;
	objects = {

/* Begin PBXBuildFile section */
		49E9B72A1C213CDD00FBE7DD /* main.m in Sources */ = {isa = PBXBuildFile; fileRef = 49E9B7291C213CDD00FBE7DD /* main.m */; };
		49E9B72D1C213CDD00FBE7DD /* AppDelegate.m in Sources */ = {isa = PBXBuildFile; fileRef = 49E9B72C1C213CDD00FBE7DD /* AppDelegate.m */; };
		49E9B7301C213CDD00FBE7DD /* ViewController.m in Sources */ = {isa = PBXBuildFile; fileRef = 49E9B72F1C213CDD00FBE7DD /* ViewController.m */; };
		49E9B7331C213CDD00FBE7DD /* Main.storyboard in Resources */ = {isa = PBXBuildFile; fileRef = 49E9B7311C213CDD00FBE7DD /* Main.storyboard */; };
		49E9B7351C213CDD00FBE7DD /* Assets.xcassets in Resources */ = {isa = PBXBuildFile; fileRef = 49E9B7341C213CDD00FBE7DD /* Assets.xcassets */; };
		49E9B7381C213CDD00FBE7DD /* LaunchScreen.storyboard in Resources */ = {isa = PBXBuildFile; fileRef = 49E9B7361C213CDD00FBE7DD /* LaunchScreen.storyboard */; };
		49E9B7431C213CDD00FBE7DD /* UI03____ViewTests.m in Sources */ = {isa = PBXBuildFile; fileRef = 49E9B7421C213CDD00FBE7DD /* UI03____ViewTests.m */; };
		49E9B74E1C213CDD00FBE7DD /* UI03____ViewUITests.m in Sources */ = {isa = PBXBuildFile; fileRef = 49E9B74D1C213CDD00FBE7DD /* UI03____ViewUITests.m */; };
		49E9B75D1C213F2200FBE7DD /* LTView.m in Sources */ = {isa = PBXBuildFile; fileRef = 49E9B75C1C213F2200FBE7DD /* LTView.m */; };
/* End PBXBuildFile section */

/* Begin PBXContainerItemProxy section */
		49E9B73F1C213CDD00FBE7DD /* PBXContainerItemProxy */ = {
			isa = PBXContainerItemProxy;
			containerPortal = 49E9B71D1C213CDD00FBE7DD /* Project object */;
			proxyType = 1;
			remoteGlobalIDString = 49E9B7241C213CDD00FBE7DD;
			remoteInfo = "UI03_自定义View";
		};
		49E9B74A1C213CDD00FBE7DD /* PBXContainerItemProxy */ = {
			isa = PBXContainerItemProxy;
			containerPortal = 49E9B71D1C213CDD00FBE7DD /* Project object */;
			proxyType = 1;
			remoteGlobalIDString = 49E9B7241C213CDD00FBE7DD;
			remoteInfo = "UI03_自定义View";
		};
/* End PBXContainerItemProxy section */

/* Begin PBXFileReference section */
		49E9B7251C213CDD00FBE7DD /* UI03_自定义View.app */ = {isa = PBXFileReference; explicitFileType = wrapper.application; includeInIndex = 0; path = "UI03_自定义View.app"; sourceTree = BUILT_PRODUCTS_DIR; };
		49E9B7291C213CDD00FBE7DD /* main.m */ = {isa = PBXFileReference; lastKnownFileType = sourcecode.c.objc; path = main.m; sourceTree = "<group>"; };
		49E9B72B1C213CDD00FBE7DD /* AppDelegate.h */ = {isa = PBXFileReference; lastKnownFileType = sourcecode.c.h; path = AppDelegate.h; sourceTree = "<group>"; };
		49E9B72C1C213CDD00FBE7DD /* AppDelegate.m */ = {isa = PBXFileReference; lastKnownFileType = sourcecode.c.objc; path = AppDelegate.m; sourceTree = "<group>"; };
		49E9B72E1C213CDD00FBE7DD /* ViewController.h */ = {isa = PBXFileReference; lastKnownFileType = sourcecode.c.h; path = ViewController.h; sourceTree = "<group>"; };
		49E9B72F1C213CDD00FBE7DD /* ViewController.m */ = {isa = PBXFileReference; lastKnownFileType = sourcecode.c.objc; path = ViewController.m; sourceTree = "<group>"; };
		49E9B7321C213CDD00FBE7DD /* Base */ = {isa = PBXFileReference; lastKnownFileType = file.storyboard; name = Base; path = Base.lproj/Main.storyboard; sourceTree = "<group>"; };
		49E9B7341C213CDD00FBE7DD /* Assets.xcassets */ = {isa = PBXFileReference; lastKnownFileType = folder.assetcatalog; path = Assets.xcassets; sourceTree = "<group>"; };
		49E9B7371C213CDD00FBE7DD /* Base */ = {isa = PBXFileReference; lastKnownFileType = file.storyboard; name = Base; path = Base.lproj/LaunchScreen.storyboard; sourceTree = "<group>"; };
		49E9B7391C213CDD00FBE7DD /* Info.plist */ = {isa = PBXFileReference; lastKnownFileType = text.plist.xml; path = Info.plist; sourceTree = "<group>"; };
		49E9B73E1C213CDD00FBE7DD /* UI03_自定义ViewTests.xctest */ = {isa = PBXFileReference; explicitFileType = wrapper.cfbundle; includeInIndex = 0; path = "UI03_自定义ViewTests.xctest"; sourceTree = BUILT_PRODUCTS_DIR; };
		49E9B7421C213CDD00FBE7DD /* UI03____ViewTests.m */ = {isa = PBXFileReference; lastKnownFileType = sourcecode.c.objc; path = "UI03____ViewTests.m"; sourceTree = "<group>"; };
		49E9B7441C213CDD00FBE7DD /* Info.plist */ = {isa = PBXFileReference; lastKnownFileType = text.plist.xml; path = Info.plist; sourceTree = "<group>"; };
		49E9B7491C213CDD00FBE7DD /* UI03_自定义ViewUITests.xctest */ = {isa = PBXFileReference; explicitFileType = wrapper.cfbundle; includeInIndex = 0; path = "UI03_自定义ViewUITests.xctest"; sourceTree = BUILT_PRODUCTS_DIR; };
		49E9B74D1C213CDD00FBE7DD /* UI03____ViewUITests.m */ = {isa = PBXFileReference; lastKnownFileType = sourcecode.c.objc; path = "UI03____ViewUITests.m"; sourceTree = "<group>"; };
		49E9B74F1C213CDD00FBE7DD /* Info.plist */ = {isa = PBXFileReference; lastKnownFileType = text.plist.xml; path = Info.plist; sourceTree = "<group>"; };
		49E9B75B1C213F2200FBE7DD /* LTView.h */ = {isa = PBXFileReference; fileEncoding = 4; lastKnownFileType = sourcecode.c.h; path = LTView.h; sourceTree = "<group>"; };
		49E9B75C1C213F2200FBE7DD /* LTView.m */ = {isa = PBXFileReference; fileEncoding = 4; lastKnownFileType = sourcecode.c.objc; path = LTView.m; sourceTree = "<group>"; };
/* End PBXFileReference section */

/* Begin PBXFrameworksBuildPhase section */
		49E9B7221C213CDD00FBE7DD /* Frameworks */ = {
			isa = PBXFrameworksBuildPhase;
			buildActionMask = 2147483647;
			files = (
			);
			runOnlyForDeploymentPostprocessing = 0;
		};
		49E9B73B1C213CDD00FBE7DD /* Frameworks */ = {
			isa = PBXFrameworksBuildPhase;
			buildActionMask = 2147483647;
			files = (
			);
			runOnlyForDeploymentPostprocessing = 0;
		};
		49E9B7461C213CDD00FBE7DD /* Frameworks */ = {
			isa = PBXFrameworksBuildPhase;
			buildActionMask = 2147483647;
			files = (
			);
			runOnlyForDeploymentPostprocessing = 0;
		};
/* End PBXFrameworksBuildPhase section */

/* Begin PBXGroup section */
		49E9B71C1C213CDD00FBE7DD = {
			isa = PBXGroup;
			children = (
				49E9B7271C213CDD00FBE7DD /* UI03_自定义View */,
				49E9B7411C213CDD00FBE7DD /* UI03_自定义ViewTests */,
				49E9B74C1C213CDD00FBE7DD /* UI03_自定义ViewUITests */,
				49E9B7261C213CDD00FBE7DD /* Products */,
			);
			sourceTree = "<group>";
		};
		49E9B7261C213CDD00FBE7DD /* Products */ = {
			isa = PBXGroup;
			children = (
				49E9B7251C213CDD00FBE7DD /* UI03_自定义View.app */,
				49E9B73E1C213CDD00FBE7DD /* UI03_自定义ViewTests.xctest */,
				49E9B7491C213CDD00FBE7DD /* UI03_自定义ViewUITests.xctest */,
			);
			name = Products;
			sourceTree = "<group>";
		};
		49E9B7271C213CDD00FBE7DD /* UI03_自定义View */ = {
			isa = PBXGroup;
			children = (
				49E9B72B1C213CDD00FBE7DD /* AppDelegate.h */,
				49E9B72C1C213CDD00FBE7DD /* AppDelegate.m */,
				49E9B75B1C213F2200FBE7DD /* LTView.h */,
				49E9B75C1C213F2200FBE7DD /* LTView.m */,
				49E9B72E1C213CDD00FBE7DD /* ViewController.h */,
				49E9B72F1C213CDD00FBE7DD /* ViewController.m */,
				49E9B7311C213CDD00FBE7DD /* Main.storyboard */,
				49E9B7341C213CDD00FBE7DD /* Assets.xcassets */,
				49E9B7361C213CDD00FBE7DD /* LaunchScreen.storyboard */,
				49E9B7391C213CDD00FBE7DD /* Info.plist */,
				49E9B7281C213CDD00FBE7DD /* Supporting Files */,
			);
			path = "UI03_自定义View";
			sourceTree = "<group>";
		};
		49E9B7281C213CDD00FBE7DD /* Supporting Files */ = {
			isa = PBXGroup;
			children = (
				49E9B7291C213CDD00FBE7DD /* main.m */,
			);
			name = "Supporting Files";
			sourceTree = "<group>";
		};
		49E9B7411C213CDD00FBE7DD /* UI03_自定义ViewTests */ = {
			isa = PBXGroup;
			children = (
				49E9B7421C213CDD00FBE7DD /* UI03____ViewTests.m */,
				49E9B7441C213CDD00FBE7DD /* Info.plist */,
			);
			path = "UI03_自定义ViewTests";
			sourceTree = "<group>";
		};
		49E9B74C1C213CDD00FBE7DD /* UI03_自定义ViewUITests */ = {
			isa = PBXGroup;
			children = (
				49E9B74D1C213CDD00FBE7DD /* UI03____ViewUITests.m */,
				49E9B74F1C213CDD00FBE7DD /* Info.plist */,
			);
			path = "UI03_自定义ViewUITests";
			sourceTree = "<group>";
		};
/* End PBXGroup section */

/* Begin PBXNativeTarget section */
		49E9B7241C213CDD00FBE7DD /* UI03_自定义View */ = {
			isa = PBXNativeTarget;
			buildConfigurationList = 49E9B7521C213CDD00FBE7DD /* Build configuration list for PBXNativeTarget "UI03_自定义View" */;
			buildPhases = (
				49E9B7211C213CDD00FBE7DD /* Sources */,
				49E9B7221C213CDD00FBE7DD /* Frameworks */,
				49E9B7231C213CDD00FBE7DD /* Resources */,
			);
			buildRules = (
			);
			dependencies = (
			);
			name = "UI03_自定义View";
			productName = "UI03_自定义View";
			productReference = 49E9B7251C213CDD00FBE7DD /* UI03_自定义View.app */;
			productType = "com.apple.product-type.application";
		};
		49E9B73D1C213CDD00FBE7DD /* UI03_自定义ViewTests */ = {
			isa = PBXNativeTarget;
			buildConfigurationList = 49E9B7551C213CDD00FBE7DD /* Build configuration list for PBXNativeTarget "UI03_自定义ViewTests" */;
			buildPhases = (
				49E9B73A1C213CDD00FBE7DD /* Sources */,
				49E9B73B1C213CDD00FBE7DD /* Frameworks */,
				49E9B73C1C213CDD00FBE7DD /* Resources */,
			);
			buildRules = (
			);
			dependencies = (
				49E9B7401C213CDD00FBE7DD /* PBXTargetDependency */,
			);
			name = "UI03_自定义ViewTests";
			productName = "UI03_自定义ViewTests";
			productReference = 49E9B73E1C213CDD00FBE7DD /* UI03_自定义ViewTests.xctest */;
			productType = "com.apple.product-type.bundle.unit-test";
		};
		49E9B7481C213CDD00FBE7DD /* UI03_自定义ViewUITests */ = {
			isa = PBXNativeTarget;
			buildConfigurationList = 49E9B7581C213CDD00FBE7DD /* Build configuration list for PBXNativeTarget "UI03_自定义ViewUITests" */;
			buildPhases = (
				49E9B7451C213CDD00FBE7DD /* Sources */,
				49E9B7461C213CDD00FBE7DD /* Frameworks */,
				49E9B7471C213CDD00FBE7DD /* Resources */,
			);
			buildRules = (
			);
			dependencies = (
				49E9B74B1C213CDD00FBE7DD /* PBXTargetDependency */,
			);
			name = "UI03_自定义ViewUITests";
			productName = "UI03_自定义ViewUITests";
			productReference = 49E9B7491C213CDD00FBE7DD /* UI03_自定义ViewUITests.xctest */;
			productType = "com.apple.product-type.bundle.ui-testing";
		};
/* End PBXNativeTarget section */

/* Begin PBXProject section */
		49E9B71D1C213CDD00FBE7DD /* Project object */ = {
			isa = PBXProject;
			attributes = {
				LastUpgradeCheck = 0710;
				ORGANIZATIONNAME = "doll-61";
				TargetAttributes = {
					49E9B7241C213CDD00FBE7DD = {
						CreatedOnToolsVersion = 7.1;
					};
					49E9B73D1C213CDD00FBE7DD = {
						CreatedOnToolsVersion = 7.1;
						TestTargetID = 49E9B7241C213CDD00FBE7DD;
					};
					49E9B7481C213CDD00FBE7DD = {
						CreatedOnToolsVersion = 7.1;
						TestTargetID = 49E9B7241C213CDD00FBE7DD;
					};
				};
			};
			buildConfigurationList = 49E9B7201C213CDD00FBE7DD /* Build configuration list for PBXProject "UI03_自定义View" */;
			compatibilityVersion = "Xcode 3.2";
			developmentRegion = English;
			hasScannedForEncodings = 0;
			knownRegions = (
				en,
				Base,
			);
			mainGroup = 49E9B71C1C213CDD00FBE7DD;
			productRefGroup = 49E9B7261C213CDD00FBE7DD /* Products */;
			projectDirPath = "";
			projectRoot = "";
			targets = (
				49E9B7241C213CDD00FBE7DD /* UI03_自定义View */,
				49E9B73D1C213CDD00FBE7DD /* UI03_自定义ViewTests */,
				49E9B7481C213CDD00FBE7DD /* UI03_自定义ViewUITests */,
			);
		};
/* End PBXProject section */

/* Begin PBXResourcesBuildPhase section */
		49E9B7231C213CDD00FBE7DD /* Resources */ = {
			isa = PBXResourcesBuildPhase;
			buildActionMask = 2147483647;
			files = (
				49E9B7381C213CDD00FBE7DD /* LaunchScreen.storyboard in Resources */,
				49E9B7351C213CDD00FBE7DD /* Assets.xcassets in Resources */,
				49E9B7331C213CDD00FBE7DD /* Main.storyboard in Resources */,
			);
			runOnlyForDeploymentPostprocessing = 0;
		};
		49E9B73C1C213CDD00FBE7DD /* Resources */ = {
			isa = PBXResourcesBuildPhase;
			buildActionMask = 2147483647;
			files = (
			);
			runOnlyForDeploymentPostprocessing = 0;
		};
		49E9B7471C213CDD00FBE7DD /* Resources */ = {
			isa = PBXResourcesBuildPhase;
			buildActionMask = 2147483647;
			files = (
			);
			runOnlyForDeploymentPostprocessing = 0;
		};
/* End PBXResourcesBuildPhase section */

/* Begin PBXSourcesBuildPhase section */
		49E9B7211C213CDD00FBE7DD /* Sources */ = {
			isa = PBXSourcesBuildPhase;
			buildActionMask = 2147483647;
			files = (
				49E9B7301C213CDD00FBE7DD /* ViewController.m in Sources */,
				49E9B72D1C213CDD00FBE7DD /* AppDelegate.m in Sources */,
				49E9B75D1C213F2200FBE7DD /* LTView.m in Sources */,
				49E9B72A1C213CDD00FBE7DD /* main.m in Sources */,
			);
			runOnlyForDeploymentPostprocessing = 0;
		};
		49E9B73A1C213CDD00FBE7DD /* Sources */ = {
			isa = PBXSourcesBuildPhase;
			buildActionMask = 2147483647;
			files = (
				49E9B7431C213CDD00FBE7DD /* UI03____ViewTests.m in Sources */,
			);
			runOnlyForDeploymentPostprocessing = 0;
		};
		49E9B7451C213CDD00FBE7DD /* Sources */ = {
			isa = PBXSourcesBuildPhase;
			buildActionMask = 2147483647;
			files = (
				49E9B74E1C213CDD00FBE7DD /* UI03____ViewUITests.m in Sources */,
			);
			runOnlyForDeploymentPostprocessing = 0;
		};
/* End PBXSourcesBuildPhase section */

/* Begin PBXTargetDependency section */
		49E9B7401C213CDD00FBE7DD /* PBXTargetDependency */ = {
			isa = PBXTargetDependency;
			target = 49E9B7241C213CDD00FBE7DD /* UI03_自定义View */;
			targetProxy = 49E9B73F1C213CDD00FBE7DD /* PBXContainerItemProxy */;
		};
		49E9B74B1C213CDD00FBE7DD /* PBXTargetDependency */ = {
			isa = PBXTargetDependency;
			target = 49E9B7241C213CDD00FBE7DD /* UI03_自定义View */;
			targetProxy = 49E9B74A1C213CDD00FBE7DD /* PBXContainerItemProxy */;
		};
/* End PBXTargetDependency section */

/* Begin PBXVariantGroup section */
		49E9B7311C213CDD00FBE7DD /* Main.storyboard */ = {
			isa = PBXVariantGroup;
			children = (
				49E9B7321C213CDD00FBE7DD /* Base */,
			);
			name = Main.storyboard;
			sourceTree = "<group>";
		};
		49E9B7361C213CDD00FBE7DD /* LaunchScreen.storyboard */ = {
			isa = PBXVariantGroup;
			children = (
				49E9B7371C213CDD00FBE7DD /* Base */,
			);
			name = LaunchScreen.storyboard;
			sourceTree = "<group>";
		};
/* End PBXVariantGroup section */

/* Begin XCBuildConfiguration section */
		49E9B7501C213CDD00FBE7DD /* Debug */ = {
			isa = XCBuildConfiguration;
			buildSettings = {
				ALWAYS_SEARCH_USER_PATHS = NO;
				CLANG_CXX_LANGUAGE_STANDARD = "gnu++0x";
				CLANG_CXX_LIBRARY = "libc++";
				CLANG_ENABLE_MODULES = YES;
				CLANG_ENABLE_OBJC_ARC = YES;
				CLANG_WARN_BOOL_CONVERSION = YES;
				CLANG_WARN_CONSTANT_CONVERSION = YES;
				CLANG_WARN_DIRECT_OBJC_ISA_USAGE = YES_ERROR;
				CLANG_WARN_EMPTY_BODY = YES;
				CLANG_WARN_ENUM_CONVERSION = YES;
				CLANG_WARN_INT_CONVERSION = YES;
				CLANG_WARN_OBJC_ROOT_CLASS = YES_ERROR;
				CLANG_WARN_UNREACHABLE_CODE = YES;
				CLANG_WARN__DUPLICATE_METHOD_MATCH = YES;
				"CODE_SIGN_IDENTITY[sdk=iphoneos*]" = "iPhone Developer";
				COPY_PHASE_STRIP = NO;
				DEBUG_INFORMATION_FORMAT = dwarf;
				ENABLE_STRICT_OBJC_MSGSEND = YES;
				ENABLE_TESTABILITY = YES;
				GCC_C_LANGUAGE_STANDARD = gnu99;
				GCC_DYNAMIC_NO_PIC = NO;
				GCC_NO_COMMON_BLOCKS = YES;
				GCC_OPTIMIZATION_LEVEL = 0;
				GCC_PREPROCESSOR_DEFINITIONS = (
					"DEBUG=1",
					"$(inherited)",
				);
				GCC_WARN_64_TO_32_BIT_CONVERSION = YES;
				GCC_WARN_ABOUT_RETURN_TYPE = YES_ERROR;
				GCC_WARN_UNDECLARED_SELECTOR = YES;
				GCC_WARN_UNINITIALIZED_AUTOS = YES_AGGRESSIVE;
				GCC_WARN_UNUSED_FUNCTION = YES;
				GCC_WARN_UNUSED_VARIABLE = YES;
				IPHONEOS_DEPLOYMENT_TARGET = 9.1;
				MTL_ENABLE_DEBUG_INFO = YES;
				ONLY_ACTIVE_ARCH = YES;
				SDKROOT = iphoneos;
			};
			name = Debug;
		};
		49E9B7511C213CDD00FBE7DD /* Release */ = {
			isa = XCBuildConfiguration;
			buildSettings = {
				ALWAYS_SEARCH_USER_PATHS = NO;
				CLANG_CXX_LANGUAGE_STANDARD = "gnu++0x";
				CLANG_CXX_LIBRARY = "libc++";
				CLANG_ENABLE_MODULES = YES;
				CLANG_ENABLE_OBJC_ARC = YES;
				CLANG_WARN_BOOL_CONVERSION = YES;
				CLANG_WARN_CONSTANT_CONVERSION = YES;
				CLANG_WARN_DIRECT_OBJC_ISA_USAGE = YES_ERROR;
				CLANG_WARN_EMPTY_BODY = YES;
				CLANG_WARN_ENUM_CONVERSION = YES;
				CLANG_WARN_INT_CONVERSION = YES;
				CLANG_WARN_OBJC_ROOT_CLASS = YES_ERROR;
				CLANG_WARN_UNREACHABLE_CODE = YES;
				CLANG_WARN__DUPLICATE_METHOD_MATCH = YES;
				"CODE_SIGN_IDENTITY[sdk=iphoneos*]" = "iPhone Developer";
				COPY_PHASE_STRIP = NO;
				DEBUG_INFORMATION_FORMAT = "dwarf-with-dsym";
				ENABLE_NS_ASSERTIONS = NO;
				ENABLE_STRICT_OBJC_MSGSEND = YES;
				GCC_C_LANGUAGE_STANDARD = gnu99;
				GCC_NO_COMMON_BLOCKS = YES;
				GCC_WARN_64_TO_32_BIT_CONVERSION = YES;
				GCC_WARN_ABOUT_RETURN_TYPE = YES_ERROR;
				GCC_WARN_UNDECLARED_SELECTOR = YES;
				GCC_WARN_UNINITIALIZED_AUTOS = YES_AGGRESSIVE;
				GCC_WARN_UNUSED_FUNCTION = YES;
				GCC_WARN_UNUSED_VARIABLE = YES;
				IPHONEOS_DEPLOYMENT_TARGET = 9.1;
				MTL_ENABLE_DEBUG_INFO = NO;
				SDKROOT = iphoneos;
				VALIDATE_PRODUCT = YES;
			};
			name = Release;
		};
		49E9B7531C213CDD00FBE7DD /* Debug */ = {
			isa = XCBuildConfiguration;
			buildSettings = {
				ASSETCATALOG_COMPILER_APPICON_NAME = AppIcon;
				CLANG_ENABLE_OBJC_ARC = NO;
				INFOPLIST_FILE = "UI03_自定义View/Info.plist";
				LD_RUNPATH_SEARCH_PATHS = "$(inherited) @executable_path/Frameworks";
				PRODUCT_BUNDLE_IDENTIFIER = "com.lanou3g.UI03----View";
				PRODUCT_NAME = "$(TARGET_NAME)";
			};
			name = Debug;
		};
		49E9B7541C213CDD00FBE7DD /* Release */ = {
			isa = XCBuildConfiguration;
			buildSettings = {
				ASSETCATALOG_COMPILER_APPICON_NAME = AppIcon;
				CLANG_ENABLE_OBJC_ARC = NO;
				INFOPLIST_FILE = "UI03_自定义View/Info.plist";
				LD_RUNPATH_SEARCH_PATHS = "$(inherited) @executable_path/Frameworks";
				PRODUCT_BUNDLE_IDENTIFIER = "com.lanou3g.UI03----View";
				PRODUCT_NAME = "$(TARGET_NAME)";
			};
			name = Release;
		};
		49E9B7561C213CDD00FBE7DD /* Debug */ = {
			isa = XCBuildConfiguration;
			buildSettings = {
				BUNDLE_LOADER = "$(TEST_HOST)";
				INFOPLIST_FILE = "UI03_自定义ViewTests/Info.plist";
				LD_RUNPATH_SEARCH_PATHS = "$(inherited) @executable_path/Frameworks @loader_path/Frameworks";
				PRODUCT_BUNDLE_IDENTIFIER = "com.lanou3g.UI03----ViewTests";
				PRODUCT_NAME = "$(TARGET_NAME)";
				TEST_HOST = "$(BUILT_PRODUCTS_DIR)/UI03_自定义View.app/UI03_自定义View";
			};
			name = Debug;
		};
		49E9B7571C213CDD00FBE7DD /* Release */ = {
			isa = XCBuildConfiguration;
			buildSettings = {
				BUNDLE_LOADER = "$(TEST_HOST)";
				INFOPLIST_FILE = "UI03_自定义ViewTests/Info.plist";
				LD_RUNPATH_SEARCH_PATHS = "$(inherited) @executable_path/Frameworks @loader_path/Frameworks";
				PRODUCT_BUNDLE_IDENTIFIER = "com.lanou3g.UI03----ViewTests";
				PRODUCT_NAME = "$(TARGET_NAME)";
				TEST_HOST = "$(BUILT_PRODUCTS_DIR)/UI03_自定义View.app/UI03_自定义View";
			};
			name = Release;
		};
		49E9B7591C213CDD00FBE7DD /* Debug */ = {
			isa = XCBuildConfiguration;
			buildSettings = {
				INFOPLIST_FILE = "UI03_自定义ViewUITests/Info.plist";
				LD_RUNPATH_SEARCH_PATHS = "$(inherited) @executable_path/Frameworks @loader_path/Frameworks";
				PRODUCT_BUNDLE_IDENTIFIER = "com.lanou3g.UI03----ViewUITests";
				PRODUCT_NAME = "$(TARGET_NAME)";
				TEST_TARGET_NAME = "UI03_自定义View";
				USES_XCTRUNNER = YES;
			};
			name = Debug;
		};
		49E9B75A1C213CDD00FBE7DD /* Release */ = {
			isa = XCBuildConfiguration;
			buildSettings = {
				INFOPLIST_FILE = "UI03_自定义ViewUITests/Info.plist";
				LD_RUNPATH_SEARCH_PATHS = "$(inherited) @executable_path/Frameworks @loader_path/Frameworks";
				PRODUCT_BUNDLE_IDENTIFIER = "com.lanou3g.UI03----ViewUITests";
				PRODUCT_NAME = "$(TARGET_NAME)";
				TEST_TARGET_NAME = "UI03_自定义View";
				USES_XCTRUNNER = YES;
			};
			name = Release;
		};
/* End XCBuildConfiguration section */

/* Begin XCConfigurationList section */
		49E9B7201C213CDD00FBE7DD /* Build configuration list for PBXProject "UI03_自定义View" */ = {
			isa = XCConfigurationList;
			buildConfigurations = (
				49E9B7501C213CDD00FBE7DD /* Debug */,
				49E9B7511C213CDD00FBE7DD /* Release */,
			);
			defaultConfigurationIsVisible = 0;
			defaultConfigurationName = Release;
		};
		49E9B7521C213CDD00FBE7DD /* Build configuration list for PBXNativeTarget "UI03_自定义View" */ = {
			isa = XCConfigurationList;
			buildConfigurations = (
				49E9B7531C213CDD00FBE7DD /* Debug */,
				49E9B7541C213CDD00FBE7DD /* Release */,
			);
			defaultConfigurationIsVisible = 0;
		};
		49E9B7551C213CDD00FBE7DD /* Build configuration list for PBXNativeTarget "UI03_自定义ViewTests" */ = {
			isa = XCConfigurationList;
			buildConfigurations = (
				49E9B7561C213CDD00FBE7DD /* Debug */,
				49E9B7571C213CDD00FBE7DD /* Release */,
			);
			defaultConfigurationIsVisible = 0;
		};
		49E9B7581C213CDD00FBE7DD /* Build configuration list for PBXNativeTarget "UI03_自定义ViewUITests" */ = {
			isa = XCConfigurationList;
			buildConfigurations = (
				49E9B7591C213CDD00FBE7DD /* Debug */,
				49E9B75A1C213CDD00FBE7DD /* Release */,
			);
			defaultConfigurationIsVisible = 0;
		};
/* End XCConfigurationList section */
	};
	rootObject = 49E9B71D1C213CDD00FBE7DD /* Project object */;
}
