// !$*UTF8*$!
{
	archiveVersion = 1;
	classes = {
	};
	objectVersion = 46;
	objects = {

/* Begin PBXBuildFile section */
		49FB82631C1E50FA002DEDA7 /* main.m in Sources */ = {isa = PBXBuildFile; fileRef = 49FB82621C1E50FA002DEDA7 /* main.m */; };
		49FB82661C1E50FA002DEDA7 /* AppDelegate.m in Sources */ = {isa = PBXBuildFile; fileRef = 49FB82651C1E50FA002DEDA7 /* AppDelegate.m */; };
		49FB82691C1E50FA002DEDA7 /* ViewController.m in Sources */ = {isa = PBXBuildFile; fileRef = 49FB82681C1E50FA002DEDA7 /* ViewController.m */; };
		49FB826C1C1E50FA002DEDA7 /* Main.storyboard in Resources */ = {isa = PBXBuildFile; fileRef = 49FB826A1C1E50FA002DEDA7 /* Main.storyboard */; };
		49FB826E1C1E50FA002DEDA7 /* Assets.xcassets in Resources */ = {isa = PBXBuildFile; fileRef = 49FB826D1C1E50FA002DEDA7 /* Assets.xcassets */; };
		49FB82711C1E50FA002DEDA7 /* LaunchScreen.storyboard in Resources */ = {isa = PBXBuildFile; fileRef = 49FB826F1C1E50FA002DEDA7 /* LaunchScreen.storyboard */; };
		49FB827C1C1E50FA002DEDA7 /* UI01_UIWindow_UIViewTests.m in Sources */ = {isa = PBXBuildFile; fileRef = 49FB827B1C1E50FA002DEDA7 /* UI01_UIWindow_UIViewTests.m */; };
		49FB82871C1E50FA002DEDA7 /* UI01_UIWindow_UIViewUITests.m in Sources */ = {isa = PBXBuildFile; fileRef = 49FB82861C1E50FA002DEDA7 /* UI01_UIWindow_UIViewUITests.m */; };
/* End PBXBuildFile section */

/* Begin PBXContainerItemProxy section */
		49FB82781C1E50FA002DEDA7 /* PBXContainerItemProxy */ = {
			isa = PBXContainerItemProxy;
			containerPortal = 49FB82561C1E50FA002DEDA7 /* Project object */;
			proxyType = 1;
			remoteGlobalIDString = 49FB825D1C1E50FA002DEDA7;
			remoteInfo = UI01_UIWindow_UIView;
		};
		49FB82831C1E50FA002DEDA7 /* PBXContainerItemProxy */ = {
			isa = PBXContainerItemProxy;
			containerPortal = 49FB82561C1E50FA002DEDA7 /* Project object */;
			proxyType = 1;
			remoteGlobalIDString = 49FB825D1C1E50FA002DEDA7;
			remoteInfo = UI01_UIWindow_UIView;
		};
/* End PBXContainerItemProxy section */

/* Begin PBXFileReference section */
		49FB825E1C1E50FA002DEDA7 /* UI01_UIWindow_UIView.app */ = {isa = PBXFileReference; explicitFileType = wrapper.application; includeInIndex = 0; path = UI01_UIWindow_UIView.app; sourceTree = BUILT_PRODUCTS_DIR; };
		49FB82621C1E50FA002DEDA7 /* main.m */ = {isa = PBXFileReference; lastKnownFileType = sourcecode.c.objc; path = main.m; sourceTree = "<group>"; };
		49FB82641C1E50FA002DEDA7 /* AppDelegate.h */ = {isa = PBXFileReference; lastKnownFileType = sourcecode.c.h; path = AppDelegate.h; sourceTree = "<group>"; };
		49FB82651C1E50FA002DEDA7 /* AppDelegate.m */ = {isa = PBXFileReference; lastKnownFileType = sourcecode.c.objc; path = AppDelegate.m; sourceTree = "<group>"; };
		49FB82671C1E50FA002DEDA7 /* ViewController.h */ = {isa = PBXFileReference; lastKnownFileType = sourcecode.c.h; path = ViewController.h; sourceTree = "<group>"; };
		49FB82681C1E50FA002DEDA7 /* ViewController.m */ = {isa = PBXFileReference; lastKnownFileType = sourcecode.c.objc; path = ViewController.m; sourceTree = "<group>"; };
		49FB826B1C1E50FA002DEDA7 /* Base */ = {isa = PBXFileReference; lastKnownFileType = file.storyboard; name = Base; path = Base.lproj/Main.storyboard; sourceTree = "<group>"; };
		49FB826D1C1E50FA002DEDA7 /* Assets.xcassets */ = {isa = PBXFileReference; lastKnownFileType = folder.assetcatalog; path = Assets.xcassets; sourceTree = "<group>"; };
		49FB82701C1E50FA002DEDA7 /* Base */ = {isa = PBXFileReference; lastKnownFileType = file.storyboard; name = Base; path = Base.lproj/LaunchScreen.storyboard; sourceTree = "<group>"; };
		49FB82721C1E50FA002DEDA7 /* Info.plist */ = {isa = PBXFileReference; lastKnownFileType = text.plist.xml; path = Info.plist; sourceTree = "<group>"; };
		49FB82771C1E50FA002DEDA7 /* UI01_UIWindow_UIViewTests.xctest */ = {isa = PBXFileReference; explicitFileType = wrapper.cfbundle; includeInIndex = 0; path = UI01_UIWindow_UIViewTests.xctest; sourceTree = BUILT_PRODUCTS_DIR; };
		49FB827B1C1E50FA002DEDA7 /* UI01_UIWindow_UIViewTests.m */ = {isa = PBXFileReference; lastKnownFileType = sourcecode.c.objc; path = UI01_UIWindow_UIViewTests.m; sourceTree = "<group>"; };
		49FB827D1C1E50FA002DEDA7 /* Info.plist */ = {isa = PBXFileReference; lastKnownFileType = text.plist.xml; path = Info.plist; sourceTree = "<group>"; };
		49FB82821C1E50FA002DEDA7 /* UI01_UIWindow_UIViewUITests.xctest */ = {isa = PBXFileReference; explicitFileType = wrapper.cfbundle; includeInIndex = 0; path = UI01_UIWindow_UIViewUITests.xctest; sourceTree = BUILT_PRODUCTS_DIR; };
		49FB82861C1E50FA002DEDA7 /* UI01_UIWindow_UIViewUITests.m */ = {isa = PBXFileReference; lastKnownFileType = sourcecode.c.objc; path = UI01_UIWindow_UIViewUITests.m; sourceTree = "<group>"; };
		49FB82881C1E50FA002DEDA7 /* Info.plist */ = {isa = PBXFileReference; lastKnownFileType = text.plist.xml; path = Info.plist; sourceTree = "<group>"; };
/* End PBXFileReference section */

/* Begin PBXFrameworksBuildPhase section */
		49FB825B1C1E50FA002DEDA7 /* Frameworks */ = {
			isa = PBXFrameworksBuildPhase;
			buildActionMask = 2147483647;
			files = (
			);
			runOnlyForDeploymentPostprocessing = 0;
		};
		49FB82741C1E50FA002DEDA7 /* Frameworks */ = {
			isa = PBXFrameworksBuildPhase;
			buildActionMask = 2147483647;
			files = (
			);
			runOnlyForDeploymentPostprocessing = 0;
		};
		49FB827F1C1E50FA002DEDA7 /* Frameworks */ = {
			isa = PBXFrameworksBuildPhase;
			buildActionMask = 2147483647;
			files = (
			);
			runOnlyForDeploymentPostprocessing = 0;
		};
/* End PBXFrameworksBuildPhase section */

/* Begin PBXGroup section */
		49FB82551C1E50FA002DEDA7 = {
			isa = PBXGroup;
			children = (
				49FB82601C1E50FA002DEDA7 /* UI01_UIWindow_UIView */,
				49FB827A1C1E50FA002DEDA7 /* UI01_UIWindow_UIViewTests */,
				49FB82851C1E50FA002DEDA7 /* UI01_UIWindow_UIViewUITests */,
				49FB825F1C1E50FA002DEDA7 /* Products */,
			);
			sourceTree = "<group>";
		};
		49FB825F1C1E50FA002DEDA7 /* Products */ = {
			isa = PBXGroup;
			children = (
				49FB825E1C1E50FA002DEDA7 /* UI01_UIWindow_UIView.app */,
				49FB82771C1E50FA002DEDA7 /* UI01_UIWindow_UIViewTests.xctest */,
				49FB82821C1E50FA002DEDA7 /* UI01_UIWindow_UIViewUITests.xctest */,
			);
			name = Products;
			sourceTree = "<group>";
		};
		49FB82601C1E50FA002DEDA7 /* UI01_UIWindow_UIView */ = {
			isa = PBXGroup;
			children = (
				49FB82641C1E50FA002DEDA7 /* AppDelegate.h */,
				49FB82651C1E50FA002DEDA7 /* AppDelegate.m */,
				49FB82671C1E50FA002DEDA7 /* ViewController.h */,
				49FB82681C1E50FA002DEDA7 /* ViewController.m */,
				49FB826A1C1E50FA002DEDA7 /* Main.storyboard */,
				49FB826D1C1E50FA002DEDA7 /* Assets.xcassets */,
				49FB826F1C1E50FA002DEDA7 /* LaunchScreen.storyboard */,
				49FB82721C1E50FA002DEDA7 /* Info.plist */,
				49FB82611C1E50FA002DEDA7 /* Supporting Files */,
			);
			path = UI01_UIWindow_UIView;
			sourceTree = "<group>";
		};
		49FB82611C1E50FA002DEDA7 /* Supporting Files */ = {
			isa = PBXGroup;
			children = (
				49FB82621C1E50FA002DEDA7 /* main.m */,
			);
			name = "Supporting Files";
			sourceTree = "<group>";
		};
		49FB827A1C1E50FA002DEDA7 /* UI01_UIWindow_UIViewTests */ = {
			isa = PBXGroup;
			children = (
				49FB827B1C1E50FA002DEDA7 /* UI01_UIWindow_UIViewTests.m */,
				49FB827D1C1E50FA002DEDA7 /* Info.plist */,
			);
			path = UI01_UIWindow_UIViewTests;
			sourceTree = "<group>";
		};
		49FB82851C1E50FA002DEDA7 /* UI01_UIWindow_UIViewUITests */ = {
			isa = PBXGroup;
			children = (
				49FB82861C1E50FA002DEDA7 /* UI01_UIWindow_UIViewUITests.m */,
				49FB82881C1E50FA002DEDA7 /* Info.plist */,
			);
			path = UI01_UIWindow_UIViewUITests;
			sourceTree = "<group>";
		};
/* End PBXGroup section */

/* Begin PBXNativeTarget section */
		49FB825D1C1E50FA002DEDA7 /* UI01_UIWindow_UIView */ = {
			isa = PBXNativeTarget;
			buildConfigurationList = 49FB828B1C1E50FA002DEDA7 /* Build configuration list for PBXNativeTarget "UI01_UIWindow_UIView" */;
			buildPhases = (
				49FB825A1C1E50FA002DEDA7 /* Sources */,
				49FB825B1C1E50FA002DEDA7 /* Frameworks */,
				49FB825C1C1E50FA002DEDA7 /* Resources */,
			);
			buildRules = (
			);
			dependencies = (
			);
			name = UI01_UIWindow_UIView;
			productName = UI01_UIWindow_UIView;
			productReference = 49FB825E1C1E50FA002DEDA7 /* UI01_UIWindow_UIView.app */;
			productType = "com.apple.product-type.application";
		};
		49FB82761C1E50FA002DEDA7 /* UI01_UIWindow_UIViewTests */ = {
			isa = PBXNativeTarget;
			buildConfigurationList = 49FB828E1C1E50FA002DEDA7 /* Build configuration list for PBXNativeTarget "UI01_UIWindow_UIViewTests" */;
			buildPhases = (
				49FB82731C1E50FA002DEDA7 /* Sources */,
				49FB82741C1E50FA002DEDA7 /* Frameworks */,
				49FB82751C1E50FA002DEDA7 /* Resources */,
			);
			buildRules = (
			);
			dependencies = (
				49FB82791C1E50FA002DEDA7 /* PBXTargetDependency */,
			);
			name = UI01_UIWindow_UIViewTests;
			productName = UI01_UIWindow_UIViewTests;
			productReference = 49FB82771C1E50FA002DEDA7 /* UI01_UIWindow_UIViewTests.xctest */;
			productType = "com.apple.product-type.bundle.unit-test";
		};
		49FB82811C1E50FA002DEDA7 /* UI01_UIWindow_UIViewUITests */ = {
			isa = PBXNativeTarget;
			buildConfigurationList = 49FB82911C1E50FA002DEDA7 /* Build configuration list for PBXNativeTarget "UI01_UIWindow_UIViewUITests" */;
			buildPhases = (
				49FB827E1C1E50FA002DEDA7 /* Sources */,
				49FB827F1C1E50FA002DEDA7 /* Frameworks */,
				49FB82801C1E50FA002DEDA7 /* Resources */,
			);
			buildRules = (
			);
			dependencies = (
				49FB82841C1E50FA002DEDA7 /* PBXTargetDependency */,
			);
			name = UI01_UIWindow_UIViewUITests;
			productName = UI01_UIWindow_UIViewUITests;
			productReference = 49FB82821C1E50FA002DEDA7 /* UI01_UIWindow_UIViewUITests.xctest */;
			productType = "com.apple.product-type.bundle.ui-testing";
		};
/* End PBXNativeTarget section */

/* Begin PBXProject section */
		49FB82561C1E50FA002DEDA7 /* Project object */ = {
			isa = PBXProject;
			attributes = {
				LastUpgradeCheck = 0710;
				ORGANIZATIONNAME = "doll-61";
				TargetAttributes = {
					49FB825D1C1E50FA002DEDA7 = {
						CreatedOnToolsVersion = 7.1;
					};
					49FB82761C1E50FA002DEDA7 = {
						CreatedOnToolsVersion = 7.1;
						TestTargetID = 49FB825D1C1E50FA002DEDA7;
					};
					49FB82811C1E50FA002DEDA7 = {
						CreatedOnToolsVersion = 7.1;
						TestTargetID = 49FB825D1C1E50FA002DEDA7;
					};
				};
			};
			buildConfigurationList = 49FB82591C1E50FA002DEDA7 /* Build configuration list for PBXProject "UI01_UIWindow_UIView" */;
			compatibilityVersion = "Xcode 3.2";
			developmentRegion = English;
			hasScannedForEncodings = 0;
			knownRegions = (
				en,
				Base,
			);
			mainGroup = 49FB82551C1E50FA002DEDA7;
			productRefGroup = 49FB825F1C1E50FA002DEDA7 /* Products */;
			projectDirPath = "";
			projectRoot = "";
			targets = (
				49FB825D1C1E50FA002DEDA7 /* UI01_UIWindow_UIView */,
				49FB82761C1E50FA002DEDA7 /* UI01_UIWindow_UIViewTests */,
				49FB82811C1E50FA002DEDA7 /* UI01_UIWindow_UIViewUITests */,
			);
		};
/* End PBXProject section */

/* Begin PBXResourcesBuildPhase section */
		49FB825C1C1E50FA002DEDA7 /* Resources */ = {
			isa = PBXResourcesBuildPhase;
			buildActionMask = 2147483647;
			files = (
				49FB82711C1E50FA002DEDA7 /* LaunchScreen.storyboard in Resources */,
				49FB826E1C1E50FA002DEDA7 /* Assets.xcassets in Resources */,
				49FB826C1C1E50FA002DEDA7 /* Main.storyboard in Resources */,
			);
			runOnlyForDeploymentPostprocessing = 0;
		};
		49FB82751C1E50FA002DEDA7 /* Resources */ = {
			isa = PBXResourcesBuildPhase;
			buildActionMask = 2147483647;
			files = (
			);
			runOnlyForDeploymentPostprocessing = 0;
		};
		49FB82801C1E50FA002DEDA7 /* Resources */ = {
			isa = PBXResourcesBuildPhase;
			buildActionMask = 2147483647;
			files = (
			);
			runOnlyForDeploymentPostprocessing = 0;
		};
/* End PBXResourcesBuildPhase section */

/* Begin PBXSourcesBuildPhase section */
		49FB825A1C1E50FA002DEDA7 /* Sources */ = {
			isa = PBXSourcesBuildPhase;
			buildActionMask = 2147483647;
			files = (
				49FB82691C1E50FA002DEDA7 /* ViewController.m in Sources */,
				49FB82661C1E50FA002DEDA7 /* AppDelegate.m in Sources */,
				49FB82631C1E50FA002DEDA7 /* main.m in Sources */,
			);
			runOnlyForDeploymentPostprocessing = 0;
		};
		49FB82731C1E50FA002DEDA7 /* Sources */ = {
			isa = PBXSourcesBuildPhase;
			buildActionMask = 2147483647;
			files = (
				49FB827C1C1E50FA002DEDA7 /* UI01_UIWindow_UIViewTests.m in Sources */,
			);
			runOnlyForDeploymentPostprocessing = 0;
		};
		49FB827E1C1E50FA002DEDA7 /* Sources */ = {
			isa = PBXSourcesBuildPhase;
			buildActionMask = 2147483647;
			files = (
				49FB82871C1E50FA002DEDA7 /* UI01_UIWindow_UIViewUITests.m in Sources */,
			);
			runOnlyForDeploymentPostprocessing = 0;
		};
/* End PBXSourcesBuildPhase section */

/* Begin PBXTargetDependency section */
		49FB82791C1E50FA002DEDA7 /* PBXTargetDependency */ = {
			isa = PBXTargetDependency;
			target = 49FB825D1C1E50FA002DEDA7 /* UI01_UIWindow_UIView */;
			targetProxy = 49FB82781C1E50FA002DEDA7 /* PBXContainerItemProxy */;
		};
		49FB82841C1E50FA002DEDA7 /* PBXTargetDependency */ = {
			isa = PBXTargetDependency;
			target = 49FB825D1C1E50FA002DEDA7 /* UI01_UIWindow_UIView */;
			targetProxy = 49FB82831C1E50FA002DEDA7 /* PBXContainerItemProxy */;
		};
/* End PBXTargetDependency section */

/* Begin PBXVariantGroup section */
		49FB826A1C1E50FA002DEDA7 /* Main.storyboard */ = {
			isa = PBXVariantGroup;
			children = (
				49FB826B1C1E50FA002DEDA7 /* Base */,
			);
			name = Main.storyboard;
			sourceTree = "<group>";
		};
		49FB826F1C1E50FA002DEDA7 /* LaunchScreen.storyboard */ = {
			isa = PBXVariantGroup;
			children = (
				49FB82701C1E50FA002DEDA7 /* Base */,
			);
			name = LaunchScreen.storyboard;
			sourceTree = "<group>";
		};
/* End PBXVariantGroup section */

/* Begin XCBuildConfiguration section */
		49FB82891C1E50FA002DEDA7 /* Debug */ = {
			isa = XCBuildConfiguration;
			buildSettings = {
				ALWAYS_SEARCH_USER_PATHS = NO;
				CLANG_CXX_LANGUAGE_STANDARD = "gnu++0x";
				CLANG_CXX_LIBRARY = "libc++";
				CLANG_ENABLE_MODULES = YES;
				CLANG_ENABLE_OBJC_ARC = YES;
				CLANG_WARN_BOOL_CONVERSION = YES;
				CLANG_WARN_CONSTANT_CONVERSION = YES;
				CLANG_WARN_DIRECT_OBJC_ISA_USAGE = YES_ERROR;
				CLANG_WARN_EMPTY_BODY = YES;
				CLANG_WARN_ENUM_CONVERSION = YES;
				CLANG_WARN_INT_CONVERSION = YES;
				CLANG_WARN_OBJC_ROOT_CLASS = YES_ERROR;
				CLANG_WARN_UNREACHABLE_CODE = YES;
				CLANG_WARN__DUPLICATE_METHOD_MATCH = YES;
				"CODE_SIGN_IDENTITY[sdk=iphoneos*]" = "iPhone Developer";
				COPY_PHASE_STRIP = NO;
				DEBUG_INFORMATION_FORMAT = dwarf;
				ENABLE_STRICT_OBJC_MSGSEND = YES;
				ENABLE_TESTABILITY = YES;
				GCC_C_LANGUAGE_STANDARD = gnu99;
				GCC_DYNAMIC_NO_PIC = NO;
				GCC_NO_COMMON_BLOCKS = YES;
				GCC_OPTIMIZATION_LEVEL = 0;
				GCC_PREPROCESSOR_DEFINITIONS = (
					"DEBUG=1",
					"$(inherited)",
				);
				GCC_WARN_64_TO_32_BIT_CONVERSION = YES;
				GCC_WARN_ABOUT_RETURN_TYPE = YES_ERROR;
				GCC_WARN_UNDECLARED_SELECTOR = YES;
				GCC_WARN_UNINITIALIZED_AUTOS = YES_AGGRESSIVE;
				GCC_WARN_UNUSED_FUNCTION = YES;
				GCC_WARN_UNUSED_VARIABLE = YES;
				IPHONEOS_DEPLOYMENT_TARGET = 9.1;
				MTL_ENABLE_DEBUG_INFO = YES;
				ONLY_ACTIVE_ARCH = YES;
				SDKROOT = iphoneos;
			};
			name = Debug;
		};
		49FB828A1C1E50FA002DEDA7 /* Release */ = {
			isa = XCBuildConfiguration;
			buildSettings = {
				ALWAYS_SEARCH_USER_PATHS = NO;
				CLANG_CXX_LANGUAGE_STANDARD = "gnu++0x";
				CLANG_CXX_LIBRARY = "libc++";
				CLANG_ENABLE_MODULES = YES;
				CLANG_ENABLE_OBJC_ARC = YES;
				CLANG_WARN_BOOL_CONVERSION = YES;
				CLANG_WARN_CONSTANT_CONVERSION = YES;
				CLANG_WARN_DIRECT_OBJC_ISA_USAGE = YES_ERROR;
				CLANG_WARN_EMPTY_BODY = YES;
				CLANG_WARN_ENUM_CONVERSION = YES;
				CLANG_WARN_INT_CONVERSION = YES;
				CLANG_WARN_OBJC_ROOT_CLASS = YES_ERROR;
				CLANG_WARN_UNREACHABLE_CODE = YES;
				CLANG_WARN__DUPLICATE_METHOD_MATCH = YES;
				"CODE_SIGN_IDENTITY[sdk=iphoneos*]" = "iPhone Developer";
				COPY_PHASE_STRIP = NO;
				DEBUG_INFORMATION_FORMAT = "dwarf-with-dsym";
				ENABLE_NS_ASSERTIONS = NO;
				ENABLE_STRICT_OBJC_MSGSEND = YES;
				GCC_C_LANGUAGE_STANDARD = gnu99;
				GCC_NO_COMMON_BLOCKS = YES;
				GCC_WARN_64_TO_32_BIT_CONVERSION = YES;
				GCC_WARN_ABOUT_RETURN_TYPE = YES_ERROR;
				GCC_WARN_UNDECLARED_SELECTOR = YES;
				GCC_WARN_UNINITIALIZED_AUTOS = YES_AGGRESSIVE;
				GCC_WARN_UNUSED_FUNCTION = YES;
				GCC_WARN_UNUSED_VARIABLE = YES;
				IPHONEOS_DEPLOYMENT_TARGET = 9.1;
				MTL_ENABLE_DEBUG_INFO = NO;
				SDKROOT = iphoneos;
				VALIDATE_PRODUCT = YES;
			};
			name = Release;
		};
		49FB828C1C1E50FA002DEDA7 /* Debug */ = {
			isa = XCBuildConfiguration;
			buildSettings = {
				ASSETCATALOG_COMPILER_APPICON_NAME = AppIcon;
				CLANG_ENABLE_OBJC_ARC = NO;
				INFOPLIST_FILE = UI01_UIWindow_UIView/Info.plist;
				LD_RUNPATH_SEARCH_PATHS = "$(inherited) @executable_path/Frameworks";
				PRODUCT_BUNDLE_IDENTIFIER = "com.lanou3g.UI01-UIWindow-UIView";
				PRODUCT_NAME = "$(TARGET_NAME)";
			};
			name = Debug;
		};
		49FB828D1C1E50FA002DEDA7 /* Release */ = {
			isa = XCBuildConfiguration;
			buildSettings = {
				ASSETCATALOG_COMPILER_APPICON_NAME = AppIcon;
				CLANG_ENABLE_OBJC_ARC = NO;
				INFOPLIST_FILE = UI01_UIWindow_UIView/Info.plist;
				LD_RUNPATH_SEARCH_PATHS = "$(inherited) @executable_path/Frameworks";
				PRODUCT_BUNDLE_IDENTIFIER = "com.lanou3g.UI01-UIWindow-UIView";
				PRODUCT_NAME = "$(TARGET_NAME)";
			};
			name = Release;
		};
		49FB828F1C1E50FA002DEDA7 /* Debug */ = {
			isa = XCBuildConfiguration;
			buildSettings = {
				BUNDLE_LOADER = "$(TEST_HOST)";
				INFOPLIST_FILE = UI01_UIWindow_UIViewTests/Info.plist;
				LD_RUNPATH_SEARCH_PATHS = "$(inherited) @executable_path/Frameworks @loader_path/Frameworks";
				PRODUCT_BUNDLE_IDENTIFIER = "com.lanou3g.UI01-UIWindow-UIViewTests";
				PRODUCT_NAME = "$(TARGET_NAME)";
				TEST_HOST = "$(BUILT_PRODUCTS_DIR)/UI01_UIWindow_UIView.app/UI01_UIWindow_UIView";
			};
			name = Debug;
		};
		49FB82901C1E50FA002DEDA7 /* Release */ = {
			isa = XCBuildConfiguration;
			buildSettings = {
				BUNDLE_LOADER = "$(TEST_HOST)";
				INFOPLIST_FILE = UI01_UIWindow_UIViewTests/Info.plist;
				LD_RUNPATH_SEARCH_PATHS = "$(inherited) @executable_path/Frameworks @loader_path/Frameworks";
				PRODUCT_BUNDLE_IDENTIFIER = "com.lanou3g.UI01-UIWindow-UIViewTests";
				PRODUCT_NAME = "$(TARGET_NAME)";
				TEST_HOST = "$(BUILT_PRODUCTS_DIR)/UI01_UIWindow_UIView.app/UI01_UIWindow_UIView";
			};
			name = Release;
		};
		49FB82921C1E50FA002DEDA7 /* Debug */ = {
			isa = XCBuildConfiguration;
			buildSettings = {
				INFOPLIST_FILE = UI01_UIWindow_UIViewUITests/Info.plist;
				LD_RUNPATH_SEARCH_PATHS = "$(inherited) @executable_path/Frameworks @loader_path/Frameworks";
				PRODUCT_BUNDLE_IDENTIFIER = "com.lanou3g.UI01-UIWindow-UIViewUITests";
				PRODUCT_NAME = "$(TARGET_NAME)";
				TEST_TARGET_NAME = UI01_UIWindow_UIView;
				USES_XCTRUNNER = YES;
			};
			name = Debug;
		};
		49FB82931C1E50FA002DEDA7 /* Release */ = {
			isa = XCBuildConfiguration;
			buildSettings = {
				INFOPLIST_FILE = UI01_UIWindow_UIViewUITests/Info.plist;
				LD_RUNPATH_SEARCH_PATHS = "$(inherited) @executable_path/Frameworks @loader_path/Frameworks";
				PRODUCT_BUNDLE_IDENTIFIER = "com.lanou3g.UI01-UIWindow-UIViewUITests";
				PRODUCT_NAME = "$(TARGET_NAME)";
				TEST_TARGET_NAME = UI01_UIWindow_UIView;
				USES_XCTRUNNER = YES;
			};
			name = Release;
		};
/* End XCBuildConfiguration section */

/* Begin XCConfigurationList section */
		49FB82591C1E50FA002DEDA7 /* Build configuration list for PBXProject "UI01_UIWindow_UIView" */ = {
			isa = XCConfigurationList;
			buildConfigurations = (
				49FB82891C1E50FA002DEDA7 /* Debug */,
				49FB828A1C1E50FA002DEDA7 /* Release */,
			);
			defaultConfigurationIsVisible = 0;
			defaultConfigurationName = Release;
		};
		49FB828B1C1E50FA002DEDA7 /* Build configuration list for PBXNativeTarget "UI01_UIWindow_UIView" */ = {
			isa = XCConfigurationList;
			buildConfigurations = (
				49FB828C1C1E50FA002DEDA7 /* Debug */,
				49FB828D1C1E50FA002DEDA7 /* Release */,
			);
			defaultConfigurationIsVisible = 0;
		};
		49FB828E1C1E50FA002DEDA7 /* Build configuration list for PBXNativeTarget "UI01_UIWindow_UIViewTests" */ = {
			isa = XCConfigurationList;
			buildConfigurations = (
				49FB828F1C1E50FA002DEDA7 /* Debug */,
				49FB82901C1E50FA002DEDA7 /* Release */,
			);
			defaultConfigurationIsVisible = 0;
		};
		49FB82911C1E50FA002DEDA7 /* Build configuration list for PBXNativeTarget "UI01_UIWindow_UIViewUITests" */ = {
			isa = XCConfigurationList;
			buildConfigurations = (
				49FB82921C1E50FA002DEDA7 /* Debug */,
				49FB82931C1E50FA002DEDA7 /* Release */,
			);
			defaultConfigurationIsVisible = 0;
		};
/* End XCConfigurationList section */
	};
	rootObject = 49FB82561C1E50FA002DEDA7 /* Project object */;
}
