// !$*UTF8*$!
{
	archiveVersion = 1;
	classes = {
	};
	objectVersion = 46;
	objects = {

/* Begin PBXBuildFile section */
		49057ACD1C27E4E80079275E /* main.m in Sources */ = {isa = PBXBuildFile; fileRef = 49057ACC1C27E4E80079275E /* main.m */; };
		49057AD01C27E4E80079275E /* AppDelegate.m in Sources */ = {isa = PBXBuildFile; fileRef = 49057ACF1C27E4E80079275E /* AppDelegate.m */; };
		49057AD31C27E4E80079275E /* ViewController.m in Sources */ = {isa = PBXBuildFile; fileRef = 49057AD21C27E4E80079275E /* ViewController.m */; };
		49057AD61C27E4E80079275E /* Main.storyboard in Resources */ = {isa = PBXBuildFile; fileRef = 49057AD41C27E4E80079275E /* Main.storyboard */; };
		49057AD81C27E4E80079275E /* Assets.xcassets in Resources */ = {isa = PBXBuildFile; fileRef = 49057AD71C27E4E80079275E /* Assets.xcassets */; };
		49057ADB1C27E4E80079275E /* LaunchScreen.storyboard in Resources */ = {isa = PBXBuildFile; fileRef = 49057AD91C27E4E80079275E /* LaunchScreen.storyboard */; };
		49057AE61C27E4E80079275E /* UI07_UIScrollView_UIPageControlTests.m in Sources */ = {isa = PBXBuildFile; fileRef = 49057AE51C27E4E80079275E /* UI07_UIScrollView_UIPageControlTests.m */; };
		49057AF11C27E4E80079275E /* UI07_UIScrollView_UIPageControlUITests.m in Sources */ = {isa = PBXBuildFile; fileRef = 49057AF01C27E4E80079275E /* UI07_UIScrollView_UIPageControlUITests.m */; };
		49057B001C27E6F70079275E /* Picture.m in Sources */ = {isa = PBXBuildFile; fileRef = 49057AFF1C27E6F70079275E /* Picture.m */; };
		49057B041C27ED740079275E /* 3.jpg in Resources */ = {isa = PBXBuildFile; fileRef = 49057B011C27ED740079275E /* 3.jpg */; };
		49057B051C27ED740079275E /* 2.jpg in Resources */ = {isa = PBXBuildFile; fileRef = 49057B021C27ED740079275E /* 2.jpg */; };
		49057B061C27ED740079275E /* 1.jpg in Resources */ = {isa = PBXBuildFile; fileRef = 49057B031C27ED740079275E /* 1.jpg */; };
/* End PBXBuildFile section */

/* Begin PBXContainerItemProxy section */
		49057AE21C27E4E80079275E /* PBXContainerItemProxy */ = {
			isa = PBXContainerItemProxy;
			containerPortal = 49057AC01C27E4E80079275E /* Project object */;
			proxyType = 1;
			remoteGlobalIDString = 49057AC71C27E4E80079275E;
			remoteInfo = UI07_UIScrollView_UIPageControl;
		};
		49057AED1C27E4E80079275E /* PBXContainerItemProxy */ = {
			isa = PBXContainerItemProxy;
			containerPortal = 49057AC01C27E4E80079275E /* Project object */;
			proxyType = 1;
			remoteGlobalIDString = 49057AC71C27E4E80079275E;
			remoteInfo = UI07_UIScrollView_UIPageControl;
		};
/* End PBXContainerItemProxy section */

/* Begin PBXFileReference section */
		49057AC81C27E4E80079275E /* UI07_UIScrollView_UIPageControl.app */ = {isa = PBXFileReference; explicitFileType = wrapper.application; includeInIndex = 0; path = UI07_UIScrollView_UIPageControl.app; sourceTree = BUILT_PRODUCTS_DIR; };
		49057ACC1C27E4E80079275E /* main.m */ = {isa = PBXFileReference; lastKnownFileType = sourcecode.c.objc; path = main.m; sourceTree = "<group>"; };
		49057ACE1C27E4E80079275E /* AppDelegate.h */ = {isa = PBXFileReference; lastKnownFileType = sourcecode.c.h; path = AppDelegate.h; sourceTree = "<group>"; };
		49057ACF1C27E4E80079275E /* AppDelegate.m */ = {isa = PBXFileReference; lastKnownFileType = sourcecode.c.objc; path = AppDelegate.m; sourceTree = "<group>"; };
		49057AD11C27E4E80079275E /* ViewController.h */ = {isa = PBXFileReference; lastKnownFileType = sourcecode.c.h; path = ViewController.h; sourceTree = "<group>"; };
		49057AD21C27E4E80079275E /* ViewController.m */ = {isa = PBXFileReference; lastKnownFileType = sourcecode.c.objc; path = ViewController.m; sourceTree = "<group>"; };
		49057AD51C27E4E80079275E /* Base */ = {isa = PBXFileReference; lastKnownFileType = file.storyboard; name = Base; path = Base.lproj/Main.storyboard; sourceTree = "<group>"; };
		49057AD71C27E4E80079275E /* Assets.xcassets */ = {isa = PBXFileReference; lastKnownFileType = folder.assetcatalog; path = Assets.xcassets; sourceTree = "<group>"; };
		49057ADA1C27E4E80079275E /* Base */ = {isa = PBXFileReference; lastKnownFileType = file.storyboard; name = Base; path = Base.lproj/LaunchScreen.storyboard; sourceTree = "<group>"; };
		49057ADC1C27E4E80079275E /* Info.plist */ = {isa = PBXFileReference; lastKnownFileType = text.plist.xml; path = Info.plist; sourceTree = "<group>"; };
		49057AE11C27E4E80079275E /* UI07_UIScrollView_UIPageControlTests.xctest */ = {isa = PBXFileReference; explicitFileType = wrapper.cfbundle; includeInIndex = 0; path = UI07_UIScrollView_UIPageControlTests.xctest; sourceTree = BUILT_PRODUCTS_DIR; };
		49057AE51C27E4E80079275E /* UI07_UIScrollView_UIPageControlTests.m */ = {isa = PBXFileReference; lastKnownFileType = sourcecode.c.objc; path = UI07_UIScrollView_UIPageControlTests.m; sourceTree = "<group>"; };
		49057AE71C27E4E80079275E /* Info.plist */ = {isa = PBXFileReference; lastKnownFileType = text.plist.xml; path = Info.plist; sourceTree = "<group>"; };
		49057AEC1C27E4E80079275E /* UI07_UIScrollView_UIPageControlUITests.xctest */ = {isa = PBXFileReference; explicitFileType = wrapper.cfbundle; includeInIndex = 0; path = UI07_UIScrollView_UIPageControlUITests.xctest; sourceTree = BUILT_PRODUCTS_DIR; };
		49057AF01C27E4E80079275E /* UI07_UIScrollView_UIPageControlUITests.m */ = {isa = PBXFileReference; lastKnownFileType = sourcecode.c.objc; path = UI07_UIScrollView_UIPageControlUITests.m; sourceTree = "<group>"; };
		49057AF21C27E4E80079275E /* Info.plist */ = {isa = PBXFileReference; lastKnownFileType = text.plist.xml; path = Info.plist; sourceTree = "<group>"; };
		49057AFE1C27E6F70079275E /* Picture.h */ = {isa = PBXFileReference; fileEncoding = 4; lastKnownFileType = sourcecode.c.h; path = Picture.h; sourceTree = "<group>"; };
		49057AFF1C27E6F70079275E /* Picture.m */ = {isa = PBXFileReference; fileEncoding = 4; lastKnownFileType = sourcecode.c.objc; path = Picture.m; sourceTree = "<group>"; };
		49057B011C27ED740079275E /* 3.jpg */ = {isa = PBXFileReference; lastKnownFileType = image.jpeg; path = 3.jpg; sourceTree = "<group>"; };
		49057B021C27ED740079275E /* 2.jpg */ = {isa = PBXFileReference; lastKnownFileType = image.jpeg; path = 2.jpg; sourceTree = "<group>"; };
		49057B031C27ED740079275E /* 1.jpg */ = {isa = PBXFileReference; lastKnownFileType = image.jpeg; path = 1.jpg; sourceTree = "<group>"; };
/* End PBXFileReference section */

/* Begin PBXFrameworksBuildPhase section */
		49057AC51C27E4E80079275E /* Frameworks */ = {
			isa = PBXFrameworksBuildPhase;
			buildActionMask = 2147483647;
			files = (
			);
			runOnlyForDeploymentPostprocessing = 0;
		};
		49057ADE1C27E4E80079275E /* Frameworks */ = {
			isa = PBXFrameworksBuildPhase;
			buildActionMask = 2147483647;
			files = (
			);
			runOnlyForDeploymentPostprocessing = 0;
		};
		49057AE91C27E4E80079275E /* Frameworks */ = {
			isa = PBXFrameworksBuildPhase;
			buildActionMask = 2147483647;
			files = (
			);
			runOnlyForDeploymentPostprocessing = 0;
		};
/* End PBXFrameworksBuildPhase section */

/* Begin PBXGroup section */
		49057ABF1C27E4E80079275E = {
			isa = PBXGroup;
			children = (
				49057ACA1C27E4E80079275E /* UI07_UIScrollView_UIPageControl */,
				49057AE41C27E4E80079275E /* UI07_UIScrollView_UIPageControlTests */,
				49057AEF1C27E4E80079275E /* UI07_UIScrollView_UIPageControlUITests */,
				49057AC91C27E4E80079275E /* Products */,
			);
			sourceTree = "<group>";
		};
		49057AC91C27E4E80079275E /* Products */ = {
			isa = PBXGroup;
			children = (
				49057AC81C27E4E80079275E /* UI07_UIScrollView_UIPageControl.app */,
				49057AE11C27E4E80079275E /* UI07_UIScrollView_UIPageControlTests.xctest */,
				49057AEC1C27E4E80079275E /* UI07_UIScrollView_UIPageControlUITests.xctest */,
			);
			name = Products;
			sourceTree = "<group>";
		};
		49057ACA1C27E4E80079275E /* UI07_UIScrollView_UIPageControl */ = {
			isa = PBXGroup;
			children = (
				49057B011C27ED740079275E /* 3.jpg */,
				49057B021C27ED740079275E /* 2.jpg */,
				49057B031C27ED740079275E /* 1.jpg */,
				49057ACE1C27E4E80079275E /* AppDelegate.h */,
				49057ACF1C27E4E80079275E /* AppDelegate.m */,
				49057AD11C27E4E80079275E /* ViewController.h */,
				49057AD21C27E4E80079275E /* ViewController.m */,
				49057AFE1C27E6F70079275E /* Picture.h */,
				49057AFF1C27E6F70079275E /* Picture.m */,
				49057AD41C27E4E80079275E /* Main.storyboard */,
				49057AD71C27E4E80079275E /* Assets.xcassets */,
				49057AD91C27E4E80079275E /* LaunchScreen.storyboard */,
				49057ADC1C27E4E80079275E /* Info.plist */,
				49057ACB1C27E4E80079275E /* Supporting Files */,
			);
			path = UI07_UIScrollView_UIPageControl;
			sourceTree = "<group>";
		};
		49057ACB1C27E4E80079275E /* Supporting Files */ = {
			isa = PBXGroup;
			children = (
				49057ACC1C27E4E80079275E /* main.m */,
			);
			name = "Supporting Files";
			sourceTree = "<group>";
		};
		49057AE41C27E4E80079275E /* UI07_UIScrollView_UIPageControlTests */ = {
			isa = PBXGroup;
			children = (
				49057AE51C27E4E80079275E /* UI07_UIScrollView_UIPageControlTests.m */,
				49057AE71C27E4E80079275E /* Info.plist */,
			);
			path = UI07_UIScrollView_UIPageControlTests;
			sourceTree = "<group>";
		};
		49057AEF1C27E4E80079275E /* UI07_UIScrollView_UIPageControlUITests */ = {
			isa = PBXGroup;
			children = (
				49057AF01C27E4E80079275E /* UI07_UIScrollView_UIPageControlUITests.m */,
				49057AF21C27E4E80079275E /* Info.plist */,
			);
			path = UI07_UIScrollView_UIPageControlUITests;
			sourceTree = "<group>";
		};
/* End PBXGroup section */

/* Begin PBXNativeTarget section */
		49057AC71C27E4E80079275E /* UI07_UIScrollView_UIPageControl */ = {
			isa = PBXNativeTarget;
			buildConfigurationList = 49057AF51C27E4E80079275E /* Build configuration list for PBXNativeTarget "UI07_UIScrollView_UIPageControl" */;
			buildPhases = (
				49057AC41C27E4E80079275E /* Sources */,
				49057AC51C27E4E80079275E /* Frameworks */,
				49057AC61C27E4E80079275E /* Resources */,
			);
			buildRules = (
			);
			dependencies = (
			);
			name = UI07_UIScrollView_UIPageControl;
			productName = UI07_UIScrollView_UIPageControl;
			productReference = 49057AC81C27E4E80079275E /* UI07_UIScrollView_UIPageControl.app */;
			productType = "com.apple.product-type.application";
		};
		49057AE01C27E4E80079275E /* UI07_UIScrollView_UIPageControlTests */ = {
			isa = PBXNativeTarget;
			buildConfigurationList = 49057AF81C27E4E80079275E /* Build configuration list for PBXNativeTarget "UI07_UIScrollView_UIPageControlTests" */;
			buildPhases = (
				49057ADD1C27E4E80079275E /* Sources */,
				49057ADE1C27E4E80079275E /* Frameworks */,
				49057ADF1C27E4E80079275E /* Resources */,
			);
			buildRules = (
			);
			dependencies = (
				49057AE31C27E4E80079275E /* PBXTargetDependency */,
			);
			name = UI07_UIScrollView_UIPageControlTests;
			productName = UI07_UIScrollView_UIPageControlTests;
			productReference = 49057AE11C27E4E80079275E /* UI07_UIScrollView_UIPageControlTests.xctest */;
			productType = "com.apple.product-type.bundle.unit-test";
		};
		49057AEB1C27E4E80079275E /* UI07_UIScrollView_UIPageControlUITests */ = {
			isa = PBXNativeTarget;
			buildConfigurationList = 49057AFB1C27E4E80079275E /* Build configuration list for PBXNativeTarget "UI07_UIScrollView_UIPageControlUITests" */;
			buildPhases = (
				49057AE81C27E4E80079275E /* Sources */,
				49057AE91C27E4E80079275E /* Frameworks */,
				49057AEA1C27E4E80079275E /* Resources */,
			);
			buildRules = (
			);
			dependencies = (
				49057AEE1C27E4E80079275E /* PBXTargetDependency */,
			);
			name = UI07_UIScrollView_UIPageControlUITests;
			productName = UI07_UIScrollView_UIPageControlUITests;
			productReference = 49057AEC1C27E4E80079275E /* UI07_UIScrollView_UIPageControlUITests.xctest */;
			productType = "com.apple.product-type.bundle.ui-testing";
		};
/* End PBXNativeTarget section */

/* Begin PBXProject section */
		49057AC01C27E4E80079275E /* Project object */ = {
			isa = PBXProject;
			attributes = {
				LastUpgradeCheck = 0710;
				ORGANIZATIONNAME = "doll-61";
				TargetAttributes = {
					49057AC71C27E4E80079275E = {
						CreatedOnToolsVersion = 7.1;
					};
					49057AE01C27E4E80079275E = {
						CreatedOnToolsVersion = 7.1;
						TestTargetID = 49057AC71C27E4E80079275E;
					};
					49057AEB1C27E4E80079275E = {
						CreatedOnToolsVersion = 7.1;
						TestTargetID = 49057AC71C27E4E80079275E;
					};
				};
			};
			buildConfigurationList = 49057AC31C27E4E80079275E /* Build configuration list for PBXProject "UI07_UIScrollView_UIPageControl" */;
			compatibilityVersion = "Xcode 3.2";
			developmentRegion = English;
			hasScannedForEncodings = 0;
			knownRegions = (
				en,
				Base,
			);
			mainGroup = 49057ABF1C27E4E80079275E;
			productRefGroup = 49057AC91C27E4E80079275E /* Products */;
			projectDirPath = "";
			projectRoot = "";
			targets = (
				49057AC71C27E4E80079275E /* UI07_UIScrollView_UIPageControl */,
				49057AE01C27E4E80079275E /* UI07_UIScrollView_UIPageControlTests */,
				49057AEB1C27E4E80079275E /* UI07_UIScrollView_UIPageControlUITests */,
			);
		};
/* End PBXProject section */

/* Begin PBXResourcesBuildPhase section */
		49057AC61C27E4E80079275E /* Resources */ = {
			isa = PBXResourcesBuildPhase;
			buildActionMask = 2147483647;
			files = (
				49057ADB1C27E4E80079275E /* LaunchScreen.storyboard in Resources */,
				49057AD81C27E4E80079275E /* Assets.xcassets in Resources */,
				49057B051C27ED740079275E /* 2.jpg in Resources */,
				49057B061C27ED740079275E /* 1.jpg in Resources */,
				49057AD61C27E4E80079275E /* Main.storyboard in Resources */,
				49057B041C27ED740079275E /* 3.jpg in Resources */,
			);
			runOnlyForDeploymentPostprocessing = 0;
		};
		49057ADF1C27E4E80079275E /* Resources */ = {
			isa = PBXResourcesBuildPhase;
			buildActionMask = 2147483647;
			files = (
			);
			runOnlyForDeploymentPostprocessing = 0;
		};
		49057AEA1C27E4E80079275E /* Resources */ = {
			isa = PBXResourcesBuildPhase;
			buildActionMask = 2147483647;
			files = (
			);
			runOnlyForDeploymentPostprocessing = 0;
		};
/* End PBXResourcesBuildPhase section */

/* Begin PBXSourcesBuildPhase section */
		49057AC41C27E4E80079275E /* Sources */ = {
			isa = PBXSourcesBuildPhase;
			buildActionMask = 2147483647;
			files = (
				49057B001C27E6F70079275E /* Picture.m in Sources */,
				49057AD31C27E4E80079275E /* ViewController.m in Sources */,
				49057AD01C27E4E80079275E /* AppDelegate.m in Sources */,
				49057ACD1C27E4E80079275E /* main.m in Sources */,
			);
			runOnlyForDeploymentPostprocessing = 0;
		};
		49057ADD1C27E4E80079275E /* Sources */ = {
			isa = PBXSourcesBuildPhase;
			buildActionMask = 2147483647;
			files = (
				49057AE61C27E4E80079275E /* UI07_UIScrollView_UIPageControlTests.m in Sources */,
			);
			runOnlyForDeploymentPostprocessing = 0;
		};
		49057AE81C27E4E80079275E /* Sources */ = {
			isa = PBXSourcesBuildPhase;
			buildActionMask = 2147483647;
			files = (
				49057AF11C27E4E80079275E /* UI07_UIScrollView_UIPageControlUITests.m in Sources */,
			);
			runOnlyForDeploymentPostprocessing = 0;
		};
/* End PBXSourcesBuildPhase section */

/* Begin PBXTargetDependency section */
		49057AE31C27E4E80079275E /* PBXTargetDependency */ = {
			isa = PBXTargetDependency;
			target = 49057AC71C27E4E80079275E /* UI07_UIScrollView_UIPageControl */;
			targetProxy = 49057AE21C27E4E80079275E /* PBXContainerItemProxy */;
		};
		49057AEE1C27E4E80079275E /* PBXTargetDependency */ = {
			isa = PBXTargetDependency;
			target = 49057AC71C27E4E80079275E /* UI07_UIScrollView_UIPageControl */;
			targetProxy = 49057AED1C27E4E80079275E /* PBXContainerItemProxy */;
		};
/* End PBXTargetDependency section */

/* Begin PBXVariantGroup section */
		49057AD41C27E4E80079275E /* Main.storyboard */ = {
			isa = PBXVariantGroup;
			children = (
				49057AD51C27E4E80079275E /* Base */,
			);
			name = Main.storyboard;
			sourceTree = "<group>";
		};
		49057AD91C27E4E80079275E /* LaunchScreen.storyboard */ = {
			isa = PBXVariantGroup;
			children = (
				49057ADA1C27E4E80079275E /* Base */,
			);
			name = LaunchScreen.storyboard;
			sourceTree = "<group>";
		};
/* End PBXVariantGroup section */

/* Begin XCBuildConfiguration section */
		49057AF31C27E4E80079275E /* Debug */ = {
			isa = XCBuildConfiguration;
			buildSettings = {
				ALWAYS_SEARCH_USER_PATHS = NO;
				CLANG_CXX_LANGUAGE_STANDARD = "gnu++0x";
				CLANG_CXX_LIBRARY = "libc++";
				CLANG_ENABLE_MODULES = YES;
				CLANG_ENABLE_OBJC_ARC = YES;
				CLANG_WARN_BOOL_CONVERSION = YES;
				CLANG_WARN_CONSTANT_CONVERSION = YES;
				CLANG_WARN_DIRECT_OBJC_ISA_USAGE = YES_ERROR;
				CLANG_WARN_EMPTY_BODY = YES;
				CLANG_WARN_ENUM_CONVERSION = YES;
				CLANG_WARN_INT_CONVERSION = YES;
				CLANG_WARN_OBJC_ROOT_CLASS = YES_ERROR;
				CLANG_WARN_UNREACHABLE_CODE = YES;
				CLANG_WARN__DUPLICATE_METHOD_MATCH = YES;
				"CODE_SIGN_IDENTITY[sdk=iphoneos*]" = "iPhone Developer";
				COPY_PHASE_STRIP = NO;
				DEBUG_INFORMATION_FORMAT = dwarf;
				ENABLE_STRICT_OBJC_MSGSEND = YES;
				ENABLE_TESTABILITY = YES;
				GCC_C_LANGUAGE_STANDARD = gnu99;
				GCC_DYNAMIC_NO_PIC = NO;
				GCC_NO_COMMON_BLOCKS = YES;
				GCC_OPTIMIZATION_LEVEL = 0;
				GCC_PREPROCESSOR_DEFINITIONS = (
					"DEBUG=1",
					"$(inherited)",
				);
				GCC_WARN_64_TO_32_BIT_CONVERSION = YES;
				GCC_WARN_ABOUT_RETURN_TYPE = YES_ERROR;
				GCC_WARN_UNDECLARED_SELECTOR = YES;
				GCC_WARN_UNINITIALIZED_AUTOS = YES_AGGRESSIVE;
				GCC_WARN_UNUSED_FUNCTION = YES;
				GCC_WARN_UNUSED_VARIABLE = YES;
				IPHONEOS_DEPLOYMENT_TARGET = 9.1;
				MTL_ENABLE_DEBUG_INFO = YES;
				ONLY_ACTIVE_ARCH = YES;
				SDKROOT = iphoneos;
			};
			name = Debug;
		};
		49057AF41C27E4E80079275E /* Release */ = {
			isa = XCBuildConfiguration;
			buildSettings = {
				ALWAYS_SEARCH_USER_PATHS = NO;
				CLANG_CXX_LANGUAGE_STANDARD = "gnu++0x";
				CLANG_CXX_LIBRARY = "libc++";
				CLANG_ENABLE_MODULES = YES;
				CLANG_ENABLE_OBJC_ARC = YES;
				CLANG_WARN_BOOL_CONVERSION = YES;
				CLANG_WARN_CONSTANT_CONVERSION = YES;
				CLANG_WARN_DIRECT_OBJC_ISA_USAGE = YES_ERROR;
				CLANG_WARN_EMPTY_BODY = YES;
				CLANG_WARN_ENUM_CONVERSION = YES;
				CLANG_WARN_INT_CONVERSION = YES;
				CLANG_WARN_OBJC_ROOT_CLASS = YES_ERROR;
				CLANG_WARN_UNREACHABLE_CODE = YES;
				CLANG_WARN__DUPLICATE_METHOD_MATCH = YES;
				"CODE_SIGN_IDENTITY[sdk=iphoneos*]" = "iPhone Developer";
				COPY_PHASE_STRIP = NO;
				DEBUG_INFORMATION_FORMAT = "dwarf-with-dsym";
				ENABLE_NS_ASSERTIONS = NO;
				ENABLE_STRICT_OBJC_MSGSEND = YES;
				GCC_C_LANGUAGE_STANDARD = gnu99;
				GCC_NO_COMMON_BLOCKS = YES;
				GCC_WARN_64_TO_32_BIT_CONVERSION = YES;
				GCC_WARN_ABOUT_RETURN_TYPE = YES_ERROR;
				GCC_WARN_UNDECLARED_SELECTOR = YES;
				GCC_WARN_UNINITIALIZED_AUTOS = YES_AGGRESSIVE;
				GCC_WARN_UNUSED_FUNCTION = YES;
				GCC_WARN_UNUSED_VARIABLE = YES;
				IPHONEOS_DEPLOYMENT_TARGET = 9.1;
				MTL_ENABLE_DEBUG_INFO = NO;
				SDKROOT = iphoneos;
				VALIDATE_PRODUCT = YES;
			};
			name = Release;
		};
		49057AF61C27E4E80079275E /* Debug */ = {
			isa = XCBuildConfiguration;
			buildSettings = {
				ASSETCATALOG_COMPILER_APPICON_NAME = AppIcon;
				CLANG_ENABLE_OBJC_ARC = NO;
				INFOPLIST_FILE = UI07_UIScrollView_UIPageControl/Info.plist;
				LD_RUNPATH_SEARCH_PATHS = "$(inherited) @executable_path/Frameworks";
				PRODUCT_BUNDLE_IDENTIFIER = "com.lanou3g.UI07-UIScrollView-UIPageControl";
				PRODUCT_NAME = "$(TARGET_NAME)";
			};
			name = Debug;
		};
		49057AF71C27E4E80079275E /* Release */ = {
			isa = XCBuildConfiguration;
			buildSettings = {
				ASSETCATALOG_COMPILER_APPICON_NAME = AppIcon;
				CLANG_ENABLE_OBJC_ARC = NO;
				INFOPLIST_FILE = UI07_UIScrollView_UIPageControl/Info.plist;
				LD_RUNPATH_SEARCH_PATHS = "$(inherited) @executable_path/Frameworks";
				PRODUCT_BUNDLE_IDENTIFIER = "com.lanou3g.UI07-UIScrollView-UIPageControl";
				PRODUCT_NAME = "$(TARGET_NAME)";
			};
			name = Release;
		};
		49057AF91C27E4E80079275E /* Debug */ = {
			isa = XCBuildConfiguration;
			buildSettings = {
				BUNDLE_LOADER = "$(TEST_HOST)";
				INFOPLIST_FILE = UI07_UIScrollView_UIPageControlTests/Info.plist;
				LD_RUNPATH_SEARCH_PATHS = "$(inherited) @executable_path/Frameworks @loader_path/Frameworks";
				PRODUCT_BUNDLE_IDENTIFIER = "com.lanou3g.UI07-UIScrollView-UIPageControlTests";
				PRODUCT_NAME = "$(TARGET_NAME)";
				TEST_HOST = "$(BUILT_PRODUCTS_DIR)/UI07_UIScrollView_UIPageControl.app/UI07_UIScrollView_UIPageControl";
			};
			name = Debug;
		};
		49057AFA1C27E4E80079275E /* Release */ = {
			isa = XCBuildConfiguration;
			buildSettings = {
				BUNDLE_LOADER = "$(TEST_HOST)";
				INFOPLIST_FILE = UI07_UIScrollView_UIPageControlTests/Info.plist;
				LD_RUNPATH_SEARCH_PATHS = "$(inherited) @executable_path/Frameworks @loader_path/Frameworks";
				PRODUCT_BUNDLE_IDENTIFIER = "com.lanou3g.UI07-UIScrollView-UIPageControlTests";
				PRODUCT_NAME = "$(TARGET_NAME)";
				TEST_HOST = "$(BUILT_PRODUCTS_DIR)/UI07_UIScrollView_UIPageControl.app/UI07_UIScrollView_UIPageControl";
			};
			name = Release;
		};
		49057AFC1C27E4E80079275E /* Debug */ = {
			isa = XCBuildConfiguration;
			buildSettings = {
				INFOPLIST_FILE = UI07_UIScrollView_UIPageControlUITests/Info.plist;
				LD_RUNPATH_SEARCH_PATHS = "$(inherited) @executable_path/Frameworks @loader_path/Frameworks";
				PRODUCT_BUNDLE_IDENTIFIER = "com.lanou3g.UI07-UIScrollView-UIPageControlUITests";
				PRODUCT_NAME = "$(TARGET_NAME)";
				TEST_TARGET_NAME = UI07_UIScrollView_UIPageControl;
				USES_XCTRUNNER = YES;
			};
			name = Debug;
		};
		49057AFD1C27E4E80079275E /* Release */ = {
			isa = XCBuildConfiguration;
			buildSettings = {
				INFOPLIST_FILE = UI07_UIScrollView_UIPageControlUITests/Info.plist;
				LD_RUNPATH_SEARCH_PATHS = "$(inherited) @executable_path/Frameworks @loader_path/Frameworks";
				PRODUCT_BUNDLE_IDENTIFIER = "com.lanou3g.UI07-UIScrollView-UIPageControlUITests";
				PRODUCT_NAME = "$(TARGET_NAME)";
				TEST_TARGET_NAME = UI07_UIScrollView_UIPageControl;
				USES_XCTRUNNER = YES;
			};
			name = Release;
		};
/* End XCBuildConfiguration section */

/* Begin XCConfigurationList section */
		49057AC31C27E4E80079275E /* Build configuration list for PBXProject "UI07_UIScrollView_UIPageControl" */ = {
			isa = XCConfigurationList;
			buildConfigurations = (
				49057AF31C27E4E80079275E /* Debug */,
				49057AF41C27E4E80079275E /* Release */,
			);
			defaultConfigurationIsVisible = 0;
			defaultConfigurationName = Release;
		};
		49057AF51C27E4E80079275E /* Build configuration list for PBXNativeTarget "UI07_UIScrollView_UIPageControl" */ = {
			isa = XCConfigurationList;
			buildConfigurations = (
				49057AF61C27E4E80079275E /* Debug */,
				49057AF71C27E4E80079275E /* Release */,
			);
			defaultConfigurationIsVisible = 0;
			defaultConfigurationName = Release;
		};
		49057AF81C27E4E80079275E /* Build configuration list for PBXNativeTarget "UI07_UIScrollView_UIPageControlTests" */ = {
			isa = XCConfigurationList;
			buildConfigurations = (
				49057AF91C27E4E80079275E /* Debug */,
				49057AFA1C27E4E80079275E /* Release */,
			);
			defaultConfigurationIsVisible = 0;
			defaultConfigurationName = Release;
		};
		49057AFB1C27E4E80079275E /* Build configuration list for PBXNativeTarget "UI07_UIScrollView_UIPageControlUITests" */ = {
			isa = XCConfigurationList;
			buildConfigurations = (
				49057AFC1C27E4E80079275E /* Debug */,
				49057AFD1C27E4E80079275E /* Release */,
			);
			defaultConfigurationIsVisible = 0;
			defaultConfigurationName = Release;
		};
/* End XCConfigurationList section */
	};
	rootObject = 49057AC01C27E4E80079275E /* Project object */;
}
