// !$*UTF8*$!
{
	archiveVersion = 1;
	classes = {
	};
	objectVersion = 46;
	objects = {

/* Begin PBXBuildFile section */
		490CE4B71C224D8000467F27 /* main.m in Sources */ = {isa = PBXBuildFile; fileRef = 490CE4B61C224D8000467F27 /* main.m */; };
		490CE4BA1C224D8000467F27 /* AppDelegate.m in Sources */ = {isa = PBXBuildFile; fileRef = 490CE4B91C224D8000467F27 /* AppDelegate.m */; };
		490CE4BD1C224D8000467F27 /* ViewController.m in Sources */ = {isa = PBXBuildFile; fileRef = 490CE4BC1C224D8000467F27 /* ViewController.m */; };
		490CE4C01C224D8000467F27 /* Main.storyboard in Resources */ = {isa = PBXBuildFile; fileRef = 490CE4BE1C224D8000467F27 /* Main.storyboard */; };
		490CE4C21C224D8000467F27 /* Assets.xcassets in Resources */ = {isa = PBXBuildFile; fileRef = 490CE4C11C224D8000467F27 /* Assets.xcassets */; };
		490CE4C51C224D8000467F27 /* LaunchScreen.storyboard in Resources */ = {isa = PBXBuildFile; fileRef = 490CE4C31C224D8000467F27 /* LaunchScreen.storyboard */; };
		490CE4D01C224D8000467F27 /* UI04_UIEvent_UITouchTests.m in Sources */ = {isa = PBXBuildFile; fileRef = 490CE4CF1C224D8000467F27 /* UI04_UIEvent_UITouchTests.m */; };
		490CE4DB1C224D8000467F27 /* UI04_UIEvent_UITouchUITests.m in Sources */ = {isa = PBXBuildFile; fileRef = 490CE4DA1C224D8000467F27 /* UI04_UIEvent_UITouchUITests.m */; };
		490CE4EA1C22550800467F27 /* TouchView.m in Sources */ = {isa = PBXBuildFile; fileRef = 490CE4E91C22550800467F27 /* TouchView.m */; };
		490CE5331C228DA600467F27 /* MoveView.m in Sources */ = {isa = PBXBuildFile; fileRef = 490CE5321C228DA600467F27 /* MoveView.m */; };
/* End PBXBuildFile section */

/* Begin PBXContainerItemProxy section */
		490CE4CC1C224D8000467F27 /* PBXContainerItemProxy */ = {
			isa = PBXContainerItemProxy;
			containerPortal = 490CE4AA1C224D8000467F27 /* Project object */;
			proxyType = 1;
			remoteGlobalIDString = 490CE4B11C224D8000467F27;
			remoteInfo = UI04_UIEvent_UITouch;
		};
		490CE4D71C224D8000467F27 /* PBXContainerItemProxy */ = {
			isa = PBXContainerItemProxy;
			containerPortal = 490CE4AA1C224D8000467F27 /* Project object */;
			proxyType = 1;
			remoteGlobalIDString = 490CE4B11C224D8000467F27;
			remoteInfo = UI04_UIEvent_UITouch;
		};
/* End PBXContainerItemProxy section */

/* Begin PBXFileReference section */
		490CE4B21C224D8000467F27 /* UI04_UIEvent_UITouch.app */ = {isa = PBXFileReference; explicitFileType = wrapper.application; includeInIndex = 0; path = UI04_UIEvent_UITouch.app; sourceTree = BUILT_PRODUCTS_DIR; };
		490CE4B61C224D8000467F27 /* main.m */ = {isa = PBXFileReference; lastKnownFileType = sourcecode.c.objc; path = main.m; sourceTree = "<group>"; };
		490CE4B81C224D8000467F27 /* AppDelegate.h */ = {isa = PBXFileReference; lastKnownFileType = sourcecode.c.h; path = AppDelegate.h; sourceTree = "<group>"; };
		490CE4B91C224D8000467F27 /* AppDelegate.m */ = {isa = PBXFileReference; lastKnownFileType = sourcecode.c.objc; path = AppDelegate.m; sourceTree = "<group>"; };
		490CE4BB1C224D8000467F27 /* ViewController.h */ = {isa = PBXFileReference; lastKnownFileType = sourcecode.c.h; path = ViewController.h; sourceTree = "<group>"; };
		490CE4BC1C224D8000467F27 /* ViewController.m */ = {isa = PBXFileReference; lastKnownFileType = sourcecode.c.objc; path = ViewController.m; sourceTree = "<group>"; };
		490CE4BF1C224D8000467F27 /* Base */ = {isa = PBXFileReference; lastKnownFileType = file.storyboard; name = Base; path = Base.lproj/Main.storyboard; sourceTree = "<group>"; };
		490CE4C11C224D8000467F27 /* Assets.xcassets */ = {isa = PBXFileReference; lastKnownFileType = folder.assetcatalog; path = Assets.xcassets; sourceTree = "<group>"; };
		490CE4C41C224D8000467F27 /* Base */ = {isa = PBXFileReference; lastKnownFileType = file.storyboard; name = Base; path = Base.lproj/LaunchScreen.storyboard; sourceTree = "<group>"; };
		490CE4C61C224D8000467F27 /* Info.plist */ = {isa = PBXFileReference; lastKnownFileType = text.plist.xml; path = Info.plist; sourceTree = "<group>"; };
		490CE4CB1C224D8000467F27 /* UI04_UIEvent_UITouchTests.xctest */ = {isa = PBXFileReference; explicitFileType = wrapper.cfbundle; includeInIndex = 0; path = UI04_UIEvent_UITouchTests.xctest; sourceTree = BUILT_PRODUCTS_DIR; };
		490CE4CF1C224D8000467F27 /* UI04_UIEvent_UITouchTests.m */ = {isa = PBXFileReference; lastKnownFileType = sourcecode.c.objc; path = UI04_UIEvent_UITouchTests.m; sourceTree = "<group>"; };
		490CE4D11C224D8000467F27 /* Info.plist */ = {isa = PBXFileReference; lastKnownFileType = text.plist.xml; path = Info.plist; sourceTree = "<group>"; };
		490CE4D61C224D8000467F27 /* UI04_UIEvent_UITouchUITests.xctest */ = {isa = PBXFileReference; explicitFileType = wrapper.cfbundle; includeInIndex = 0; path = UI04_UIEvent_UITouchUITests.xctest; sourceTree = BUILT_PRODUCTS_DIR; };
		490CE4DA1C224D8000467F27 /* UI04_UIEvent_UITouchUITests.m */ = {isa = PBXFileReference; lastKnownFileType = sourcecode.c.objc; path = UI04_UIEvent_UITouchUITests.m; sourceTree = "<group>"; };
		490CE4DC1C224D8000467F27 /* Info.plist */ = {isa = PBXFileReference; lastKnownFileType = text.plist.xml; path = Info.plist; sourceTree = "<group>"; };
		490CE4E81C22550800467F27 /* TouchView.h */ = {isa = PBXFileReference; fileEncoding = 4; lastKnownFileType = sourcecode.c.h; path = TouchView.h; sourceTree = "<group>"; };
		490CE4E91C22550800467F27 /* TouchView.m */ = {isa = PBXFileReference; fileEncoding = 4; lastKnownFileType = sourcecode.c.objc; path = TouchView.m; sourceTree = "<group>"; };
		490CE5311C228DA600467F27 /* MoveView.h */ = {isa = PBXFileReference; fileEncoding = 4; lastKnownFileType = sourcecode.c.h; path = MoveView.h; sourceTree = "<group>"; };
		490CE5321C228DA600467F27 /* MoveView.m */ = {isa = PBXFileReference; fileEncoding = 4; lastKnownFileType = sourcecode.c.objc; path = MoveView.m; sourceTree = "<group>"; };
/* End PBXFileReference section */

/* Begin PBXFrameworksBuildPhase section */
		490CE4AF1C224D8000467F27 /* Frameworks */ = {
			isa = PBXFrameworksBuildPhase;
			buildActionMask = 2147483647;
			files = (
			);
			runOnlyForDeploymentPostprocessing = 0;
		};
		490CE4C81C224D8000467F27 /* Frameworks */ = {
			isa = PBXFrameworksBuildPhase;
			buildActionMask = 2147483647;
			files = (
			);
			runOnlyForDeploymentPostprocessing = 0;
		};
		490CE4D31C224D8000467F27 /* Frameworks */ = {
			isa = PBXFrameworksBuildPhase;
			buildActionMask = 2147483647;
			files = (
			);
			runOnlyForDeploymentPostprocessing = 0;
		};
/* End PBXFrameworksBuildPhase section */

/* Begin PBXGroup section */
		490CE4A91C224D8000467F27 = {
			isa = PBXGroup;
			children = (
				490CE4B41C224D8000467F27 /* UI04_UIEvent_UITouch */,
				490CE4CE1C224D8000467F27 /* UI04_UIEvent_UITouchTests */,
				490CE4D91C224D8000467F27 /* UI04_UIEvent_UITouchUITests */,
				490CE4B31C224D8000467F27 /* Products */,
			);
			sourceTree = "<group>";
		};
		490CE4B31C224D8000467F27 /* Products */ = {
			isa = PBXGroup;
			children = (
				490CE4B21C224D8000467F27 /* UI04_UIEvent_UITouch.app */,
				490CE4CB1C224D8000467F27 /* UI04_UIEvent_UITouchTests.xctest */,
				490CE4D61C224D8000467F27 /* UI04_UIEvent_UITouchUITests.xctest */,
			);
			name = Products;
			sourceTree = "<group>";
		};
		490CE4B41C224D8000467F27 /* UI04_UIEvent_UITouch */ = {
			isa = PBXGroup;
			children = (
				490CE4B81C224D8000467F27 /* AppDelegate.h */,
				490CE4B91C224D8000467F27 /* AppDelegate.m */,
				490CE4EC1C22553800467F27 /* Controller */,
				490CE4EB1C22552000467F27 /* View */,
				490CE4BE1C224D8000467F27 /* Main.storyboard */,
				490CE4C11C224D8000467F27 /* Assets.xcassets */,
				490CE4C31C224D8000467F27 /* LaunchScreen.storyboard */,
				490CE4C61C224D8000467F27 /* Info.plist */,
				490CE4B51C224D8000467F27 /* Supporting Files */,
			);
			path = UI04_UIEvent_UITouch;
			sourceTree = "<group>";
		};
		490CE4B51C224D8000467F27 /* Supporting Files */ = {
			isa = PBXGroup;
			children = (
				490CE4B61C224D8000467F27 /* main.m */,
			);
			name = "Supporting Files";
			sourceTree = "<group>";
		};
		490CE4CE1C224D8000467F27 /* UI04_UIEvent_UITouchTests */ = {
			isa = PBXGroup;
			children = (
				490CE4CF1C224D8000467F27 /* UI04_UIEvent_UITouchTests.m */,
				490CE4D11C224D8000467F27 /* Info.plist */,
			);
			path = UI04_UIEvent_UITouchTests;
			sourceTree = "<group>";
		};
		490CE4D91C224D8000467F27 /* UI04_UIEvent_UITouchUITests */ = {
			isa = PBXGroup;
			children = (
				490CE4DA1C224D8000467F27 /* UI04_UIEvent_UITouchUITests.m */,
				490CE4DC1C224D8000467F27 /* Info.plist */,
			);
			path = UI04_UIEvent_UITouchUITests;
			sourceTree = "<group>";
		};
		490CE4EB1C22552000467F27 /* View */ = {
			isa = PBXGroup;
			children = (
				490CE4E81C22550800467F27 /* TouchView.h */,
				490CE4E91C22550800467F27 /* TouchView.m */,
				490CE5311C228DA600467F27 /* MoveView.h */,
				490CE5321C228DA600467F27 /* MoveView.m */,
			);
			name = View;
			sourceTree = "<group>";
		};
		490CE4EC1C22553800467F27 /* Controller */ = {
			isa = PBXGroup;
			children = (
				490CE4BB1C224D8000467F27 /* ViewController.h */,
				490CE4BC1C224D8000467F27 /* ViewController.m */,
			);
			name = Controller;
			sourceTree = "<group>";
		};
/* End PBXGroup section */

/* Begin PBXNativeTarget section */
		490CE4B11C224D8000467F27 /* UI04_UIEvent_UITouch */ = {
			isa = PBXNativeTarget;
			buildConfigurationList = 490CE4DF1C224D8000467F27 /* Build configuration list for PBXNativeTarget "UI04_UIEvent_UITouch" */;
			buildPhases = (
				490CE4AE1C224D8000467F27 /* Sources */,
				490CE4AF1C224D8000467F27 /* Frameworks */,
				490CE4B01C224D8000467F27 /* Resources */,
			);
			buildRules = (
			);
			dependencies = (
			);
			name = UI04_UIEvent_UITouch;
			productName = UI04_UIEvent_UITouch;
			productReference = 490CE4B21C224D8000467F27 /* UI04_UIEvent_UITouch.app */;
			productType = "com.apple.product-type.application";
		};
		490CE4CA1C224D8000467F27 /* UI04_UIEvent_UITouchTests */ = {
			isa = PBXNativeTarget;
			buildConfigurationList = 490CE4E21C224D8000467F27 /* Build configuration list for PBXNativeTarget "UI04_UIEvent_UITouchTests" */;
			buildPhases = (
				490CE4C71C224D8000467F27 /* Sources */,
				490CE4C81C224D8000467F27 /* Frameworks */,
				490CE4C91C224D8000467F27 /* Resources */,
			);
			buildRules = (
			);
			dependencies = (
				490CE4CD1C224D8000467F27 /* PBXTargetDependency */,
			);
			name = UI04_UIEvent_UITouchTests;
			productName = UI04_UIEvent_UITouchTests;
			productReference = 490CE4CB1C224D8000467F27 /* UI04_UIEvent_UITouchTests.xctest */;
			productType = "com.apple.product-type.bundle.unit-test";
		};
		490CE4D51C224D8000467F27 /* UI04_UIEvent_UITouchUITests */ = {
			isa = PBXNativeTarget;
			buildConfigurationList = 490CE4E51C224D8000467F27 /* Build configuration list for PBXNativeTarget "UI04_UIEvent_UITouchUITests" */;
			buildPhases = (
				490CE4D21C224D8000467F27 /* Sources */,
				490CE4D31C224D8000467F27 /* Frameworks */,
				490CE4D41C224D8000467F27 /* Resources */,
			);
			buildRules = (
			);
			dependencies = (
				490CE4D81C224D8000467F27 /* PBXTargetDependency */,
			);
			name = UI04_UIEvent_UITouchUITests;
			productName = UI04_UIEvent_UITouchUITests;
			productReference = 490CE4D61C224D8000467F27 /* UI04_UIEvent_UITouchUITests.xctest */;
			productType = "com.apple.product-type.bundle.ui-testing";
		};
/* End PBXNativeTarget section */

/* Begin PBXProject section */
		490CE4AA1C224D8000467F27 /* Project object */ = {
			isa = PBXProject;
			attributes = {
				LastUpgradeCheck = 0710;
				ORGANIZATIONNAME = "doll-61";
				TargetAttributes = {
					490CE4B11C224D8000467F27 = {
						CreatedOnToolsVersion = 7.1;
					};
					490CE4CA1C224D8000467F27 = {
						CreatedOnToolsVersion = 7.1;
						TestTargetID = 490CE4B11C224D8000467F27;
					};
					490CE4D51C224D8000467F27 = {
						CreatedOnToolsVersion = 7.1;
						TestTargetID = 490CE4B11C224D8000467F27;
					};
				};
			};
			buildConfigurationList = 490CE4AD1C224D8000467F27 /* Build configuration list for PBXProject "UI04_UIEvent_UITouch" */;
			compatibilityVersion = "Xcode 3.2";
			developmentRegion = English;
			hasScannedForEncodings = 0;
			knownRegions = (
				en,
				Base,
			);
			mainGroup = 490CE4A91C224D8000467F27;
			productRefGroup = 490CE4B31C224D8000467F27 /* Products */;
			projectDirPath = "";
			projectRoot = "";
			targets = (
				490CE4B11C224D8000467F27 /* UI04_UIEvent_UITouch */,
				490CE4CA1C224D8000467F27 /* UI04_UIEvent_UITouchTests */,
				490CE4D51C224D8000467F27 /* UI04_UIEvent_UITouchUITests */,
			);
		};
/* End PBXProject section */

/* Begin PBXResourcesBuildPhase section */
		490CE4B01C224D8000467F27 /* Resources */ = {
			isa = PBXResourcesBuildPhase;
			buildActionMask = 2147483647;
			files = (
				490CE4C51C224D8000467F27 /* LaunchScreen.storyboard in Resources */,
				490CE4C21C224D8000467F27 /* Assets.xcassets in Resources */,
				490CE4C01C224D8000467F27 /* Main.storyboard in Resources */,
			);
			runOnlyForDeploymentPostprocessing = 0;
		};
		490CE4C91C224D8000467F27 /* Resources */ = {
			isa = PBXResourcesBuildPhase;
			buildActionMask = 2147483647;
			files = (
			);
			runOnlyForDeploymentPostprocessing = 0;
		};
		490CE4D41C224D8000467F27 /* Resources */ = {
			isa = PBXResourcesBuildPhase;
			buildActionMask = 2147483647;
			files = (
			);
			runOnlyForDeploymentPostprocessing = 0;
		};
/* End PBXResourcesBuildPhase section */

/* Begin PBXSourcesBuildPhase section */
		490CE4AE1C224D8000467F27 /* Sources */ = {
			isa = PBXSourcesBuildPhase;
			buildActionMask = 2147483647;
			files = (
				490CE5331C228DA600467F27 /* MoveView.m in Sources */,
				490CE4EA1C22550800467F27 /* TouchView.m in Sources */,
				490CE4BD1C224D8000467F27 /* ViewController.m in Sources */,
				490CE4BA1C224D8000467F27 /* AppDelegate.m in Sources */,
				490CE4B71C224D8000467F27 /* main.m in Sources */,
			);
			runOnlyForDeploymentPostprocessing = 0;
		};
		490CE4C71C224D8000467F27 /* Sources */ = {
			isa = PBXSourcesBuildPhase;
			buildActionMask = 2147483647;
			files = (
				490CE4D01C224D8000467F27 /* UI04_UIEvent_UITouchTests.m in Sources */,
			);
			runOnlyForDeploymentPostprocessing = 0;
		};
		490CE4D21C224D8000467F27 /* Sources */ = {
			isa = PBXSourcesBuildPhase;
			buildActionMask = 2147483647;
			files = (
				490CE4DB1C224D8000467F27 /* UI04_UIEvent_UITouchUITests.m in Sources */,
			);
			runOnlyForDeploymentPostprocessing = 0;
		};
/* End PBXSourcesBuildPhase section */

/* Begin PBXTargetDependency section */
		490CE4CD1C224D8000467F27 /* PBXTargetDependency */ = {
			isa = PBXTargetDependency;
			target = 490CE4B11C224D8000467F27 /* UI04_UIEvent_UITouch */;
			targetProxy = 490CE4CC1C224D8000467F27 /* PBXContainerItemProxy */;
		};
		490CE4D81C224D8000467F27 /* PBXTargetDependency */ = {
			isa = PBXTargetDependency;
			target = 490CE4B11C224D8000467F27 /* UI04_UIEvent_UITouch */;
			targetProxy = 490CE4D71C224D8000467F27 /* PBXContainerItemProxy */;
		};
/* End PBXTargetDependency section */

/* Begin PBXVariantGroup section */
		490CE4BE1C224D8000467F27 /* Main.storyboard */ = {
			isa = PBXVariantGroup;
			children = (
				490CE4BF1C224D8000467F27 /* Base */,
			);
			name = Main.storyboard;
			sourceTree = "<group>";
		};
		490CE4C31C224D8000467F27 /* LaunchScreen.storyboard */ = {
			isa = PBXVariantGroup;
			children = (
				490CE4C41C224D8000467F27 /* Base */,
			);
			name = LaunchScreen.storyboard;
			sourceTree = "<group>";
		};
/* End PBXVariantGroup section */

/* Begin XCBuildConfiguration section */
		490CE4DD1C224D8000467F27 /* Debug */ = {
			isa = XCBuildConfiguration;
			buildSettings = {
				ALWAYS_SEARCH_USER_PATHS = NO;
				CLANG_CXX_LANGUAGE_STANDARD = "gnu++0x";
				CLANG_CXX_LIBRARY = "libc++";
				CLANG_ENABLE_MODULES = YES;
				CLANG_ENABLE_OBJC_ARC = YES;
				CLANG_WARN_BOOL_CONVERSION = YES;
				CLANG_WARN_CONSTANT_CONVERSION = YES;
				CLANG_WARN_DIRECT_OBJC_ISA_USAGE = YES_ERROR;
				CLANG_WARN_EMPTY_BODY = YES;
				CLANG_WARN_ENUM_CONVERSION = YES;
				CLANG_WARN_INT_CONVERSION = YES;
				CLANG_WARN_OBJC_ROOT_CLASS = YES_ERROR;
				CLANG_WARN_UNREACHABLE_CODE = YES;
				CLANG_WARN__DUPLICATE_METHOD_MATCH = YES;
				"CODE_SIGN_IDENTITY[sdk=iphoneos*]" = "iPhone Developer";
				COPY_PHASE_STRIP = NO;
				DEBUG_INFORMATION_FORMAT = dwarf;
				ENABLE_STRICT_OBJC_MSGSEND = YES;
				ENABLE_TESTABILITY = YES;
				GCC_C_LANGUAGE_STANDARD = gnu99;
				GCC_DYNAMIC_NO_PIC = NO;
				GCC_NO_COMMON_BLOCKS = YES;
				GCC_OPTIMIZATION_LEVEL = 0;
				GCC_PREPROCESSOR_DEFINITIONS = (
					"DEBUG=1",
					"$(inherited)",
				);
				GCC_WARN_64_TO_32_BIT_CONVERSION = YES;
				GCC_WARN_ABOUT_RETURN_TYPE = YES_ERROR;
				GCC_WARN_UNDECLARED_SELECTOR = YES;
				GCC_WARN_UNINITIALIZED_AUTOS = YES_AGGRESSIVE;
				GCC_WARN_UNUSED_FUNCTION = YES;
				GCC_WARN_UNUSED_VARIABLE = YES;
				IPHONEOS_DEPLOYMENT_TARGET = 9.1;
				MTL_ENABLE_DEBUG_INFO = YES;
				ONLY_ACTIVE_ARCH = YES;
				SDKROOT = iphoneos;
			};
			name = Debug;
		};
		490CE4DE1C224D8000467F27 /* Release */ = {
			isa = XCBuildConfiguration;
			buildSettings = {
				ALWAYS_SEARCH_USER_PATHS = NO;
				CLANG_CXX_LANGUAGE_STANDARD = "gnu++0x";
				CLANG_CXX_LIBRARY = "libc++";
				CLANG_ENABLE_MODULES = YES;
				CLANG_ENABLE_OBJC_ARC = YES;
				CLANG_WARN_BOOL_CONVERSION = YES;
				CLANG_WARN_CONSTANT_CONVERSION = YES;
				CLANG_WARN_DIRECT_OBJC_ISA_USAGE = YES_ERROR;
				CLANG_WARN_EMPTY_BODY = YES;
				CLANG_WARN_ENUM_CONVERSION = YES;
				CLANG_WARN_INT_CONVERSION = YES;
				CLANG_WARN_OBJC_ROOT_CLASS = YES_ERROR;
				CLANG_WARN_UNREACHABLE_CODE = YES;
				CLANG_WARN__DUPLICATE_METHOD_MATCH = YES;
				"CODE_SIGN_IDENTITY[sdk=iphoneos*]" = "iPhone Developer";
				COPY_PHASE_STRIP = NO;
				DEBUG_INFORMATION_FORMAT = "dwarf-with-dsym";
				ENABLE_NS_ASSERTIONS = NO;
				ENABLE_STRICT_OBJC_MSGSEND = YES;
				GCC_C_LANGUAGE_STANDARD = gnu99;
				GCC_NO_COMMON_BLOCKS = YES;
				GCC_WARN_64_TO_32_BIT_CONVERSION = YES;
				GCC_WARN_ABOUT_RETURN_TYPE = YES_ERROR;
				GCC_WARN_UNDECLARED_SELECTOR = YES;
				GCC_WARN_UNINITIALIZED_AUTOS = YES_AGGRESSIVE;
				GCC_WARN_UNUSED_FUNCTION = YES;
				GCC_WARN_UNUSED_VARIABLE = YES;
				IPHONEOS_DEPLOYMENT_TARGET = 9.1;
				MTL_ENABLE_DEBUG_INFO = NO;
				SDKROOT = iphoneos;
				VALIDATE_PRODUCT = YES;
			};
			name = Release;
		};
		490CE4E01C224D8000467F27 /* Debug */ = {
			isa = XCBuildConfiguration;
			buildSettings = {
				ASSETCATALOG_COMPILER_APPICON_NAME = AppIcon;
				CLANG_ENABLE_OBJC_ARC = NO;
				INFOPLIST_FILE = UI04_UIEvent_UITouch/Info.plist;
				LD_RUNPATH_SEARCH_PATHS = "$(inherited) @executable_path/Frameworks";
				PRODUCT_BUNDLE_IDENTIFIER = "com.lanou3g.UI04-UIEvent-UITouch";
				PRODUCT_NAME = "$(TARGET_NAME)";
			};
			name = Debug;
		};
		490CE4E11C224D8000467F27 /* Release */ = {
			isa = XCBuildConfiguration;
			buildSettings = {
				ASSETCATALOG_COMPILER_APPICON_NAME = AppIcon;
				CLANG_ENABLE_OBJC_ARC = NO;
				INFOPLIST_FILE = UI04_UIEvent_UITouch/Info.plist;
				LD_RUNPATH_SEARCH_PATHS = "$(inherited) @executable_path/Frameworks";
				PRODUCT_BUNDLE_IDENTIFIER = "com.lanou3g.UI04-UIEvent-UITouch";
				PRODUCT_NAME = "$(TARGET_NAME)";
			};
			name = Release;
		};
		490CE4E31C224D8000467F27 /* Debug */ = {
			isa = XCBuildConfiguration;
			buildSettings = {
				BUNDLE_LOADER = "$(TEST_HOST)";
				INFOPLIST_FILE = UI04_UIEvent_UITouchTests/Info.plist;
				LD_RUNPATH_SEARCH_PATHS = "$(inherited) @executable_path/Frameworks @loader_path/Frameworks";
				PRODUCT_BUNDLE_IDENTIFIER = "com.lanou3g.UI04-UIEvent-UITouchTests";
				PRODUCT_NAME = "$(TARGET_NAME)";
				TEST_HOST = "$(BUILT_PRODUCTS_DIR)/UI04_UIEvent_UITouch.app/UI04_UIEvent_UITouch";
			};
			name = Debug;
		};
		490CE4E41C224D8000467F27 /* Release */ = {
			isa = XCBuildConfiguration;
			buildSettings = {
				BUNDLE_LOADER = "$(TEST_HOST)";
				INFOPLIST_FILE = UI04_UIEvent_UITouchTests/Info.plist;
				LD_RUNPATH_SEARCH_PATHS = "$(inherited) @executable_path/Frameworks @loader_path/Frameworks";
				PRODUCT_BUNDLE_IDENTIFIER = "com.lanou3g.UI04-UIEvent-UITouchTests";
				PRODUCT_NAME = "$(TARGET_NAME)";
				TEST_HOST = "$(BUILT_PRODUCTS_DIR)/UI04_UIEvent_UITouch.app/UI04_UIEvent_UITouch";
			};
			name = Release;
		};
		490CE4E61C224D8000467F27 /* Debug */ = {
			isa = XCBuildConfiguration;
			buildSettings = {
				INFOPLIST_FILE = UI04_UIEvent_UITouchUITests/Info.plist;
				LD_RUNPATH_SEARCH_PATHS = "$(inherited) @executable_path/Frameworks @loader_path/Frameworks";
				PRODUCT_BUNDLE_IDENTIFIER = "com.lanou3g.UI04-UIEvent-UITouchUITests";
				PRODUCT_NAME = "$(TARGET_NAME)";
				TEST_TARGET_NAME = UI04_UIEvent_UITouch;
				USES_XCTRUNNER = YES;
			};
			name = Debug;
		};
		490CE4E71C224D8000467F27 /* Release */ = {
			isa = XCBuildConfiguration;
			buildSettings = {
				INFOPLIST_FILE = UI04_UIEvent_UITouchUITests/Info.plist;
				LD_RUNPATH_SEARCH_PATHS = "$(inherited) @executable_path/Frameworks @loader_path/Frameworks";
				PRODUCT_BUNDLE_IDENTIFIER = "com.lanou3g.UI04-UIEvent-UITouchUITests";
				PRODUCT_NAME = "$(TARGET_NAME)";
				TEST_TARGET_NAME = UI04_UIEvent_UITouch;
				USES_XCTRUNNER = YES;
			};
			name = Release;
		};
/* End XCBuildConfiguration section */

/* Begin XCConfigurationList section */
		490CE4AD1C224D8000467F27 /* Build configuration list for PBXProject "UI04_UIEvent_UITouch" */ = {
			isa = XCConfigurationList;
			buildConfigurations = (
				490CE4DD1C224D8000467F27 /* Debug */,
				490CE4DE1C224D8000467F27 /* Release */,
			);
			defaultConfigurationIsVisible = 0;
			defaultConfigurationName = Release;
		};
		490CE4DF1C224D8000467F27 /* Build configuration list for PBXNativeTarget "UI04_UIEvent_UITouch" */ = {
			isa = XCConfigurationList;
			buildConfigurations = (
				490CE4E01C224D8000467F27 /* Debug */,
				490CE4E11C224D8000467F27 /* Release */,
			);
			defaultConfigurationIsVisible = 0;
		};
		490CE4E21C224D8000467F27 /* Build configuration list for PBXNativeTarget "UI04_UIEvent_UITouchTests" */ = {
			isa = XCConfigurationList;
			buildConfigurations = (
				490CE4E31C224D8000467F27 /* Debug */,
				490CE4E41C224D8000467F27 /* Release */,
			);
			defaultConfigurationIsVisible = 0;
		};
		490CE4E51C224D8000467F27 /* Build configuration list for PBXNativeTarget "UI04_UIEvent_UITouchUITests" */ = {
			isa = XCConfigurationList;
			buildConfigurations = (
				490CE4E61C224D8000467F27 /* Debug */,
				490CE4E71C224D8000467F27 /* Release */,
			);
			defaultConfigurationIsVisible = 0;
		};
/* End XCConfigurationList section */
	};
	rootObject = 490CE4AA1C224D8000467F27 /* Project object */;
}
