// !$*UTF8*$!
{
	archiveVersion = 1;
	classes = {
	};
	objectVersion = 46;
	objects = {

/* Begin PBXBuildFile section */
		49EAD7511C28FE6900C1992A /* main.m in Sources */ = {isa = PBXBuildFile; fileRef = 49EAD7501C28FE6900C1992A /* main.m */; };
		49EAD7541C28FE6900C1992A /* AppDelegate.m in Sources */ = {isa = PBXBuildFile; fileRef = 49EAD7531C28FE6900C1992A /* AppDelegate.m */; };
		49EAD7571C28FE6900C1992A /* ViewController.m in Sources */ = {isa = PBXBuildFile; fileRef = 49EAD7561C28FE6900C1992A /* ViewController.m */; };
		49EAD75A1C28FE6900C1992A /* Main.storyboard in Resources */ = {isa = PBXBuildFile; fileRef = 49EAD7581C28FE6900C1992A /* Main.storyboard */; };
		49EAD75C1C28FE6A00C1992A /* Assets.xcassets in Resources */ = {isa = PBXBuildFile; fileRef = 49EAD75B1C28FE6A00C1992A /* Assets.xcassets */; };
		49EAD75F1C28FE6A00C1992A /* LaunchScreen.storyboard in Resources */ = {isa = PBXBuildFile; fileRef = 49EAD75D1C28FE6A00C1992A /* LaunchScreen.storyboard */; };
		49EAD76A1C28FE6A00C1992A /* UI08_UINavigationControllerTests.m in Sources */ = {isa = PBXBuildFile; fileRef = 49EAD7691C28FE6A00C1992A /* UI08_UINavigationControllerTests.m */; };
		49EAD7751C28FE6A00C1992A /* UI08_UINavigationControllerUITests.m in Sources */ = {isa = PBXBuildFile; fileRef = 49EAD7741C28FE6A00C1992A /* UI08_UINavigationControllerUITests.m */; };
		49EAD7841C2901FB00C1992A /* SecondViewController.m in Sources */ = {isa = PBXBuildFile; fileRef = 49EAD7831C2901FB00C1992A /* SecondViewController.m */; };
		49EAD7871C29243100C1992A /* ThirdViewController.m in Sources */ = {isa = PBXBuildFile; fileRef = 49EAD7861C29243100C1992A /* ThirdViewController.m */; };
		49EAD78F1C2944B600C1992A /* map.png in Resources */ = {isa = PBXBuildFile; fileRef = 49EAD78E1C2944B600C1992A /* map.png */; };
/* End PBXBuildFile section */

/* Begin PBXContainerItemProxy section */
		49EAD7661C28FE6A00C1992A /* PBXContainerItemProxy */ = {
			isa = PBXContainerItemProxy;
			containerPortal = 49EAD7441C28FE6900C1992A /* Project object */;
			proxyType = 1;
			remoteGlobalIDString = 49EAD74B1C28FE6900C1992A;
			remoteInfo = UI08_UINavigationController;
		};
		49EAD7711C28FE6A00C1992A /* PBXContainerItemProxy */ = {
			isa = PBXContainerItemProxy;
			containerPortal = 49EAD7441C28FE6900C1992A /* Project object */;
			proxyType = 1;
			remoteGlobalIDString = 49EAD74B1C28FE6900C1992A;
			remoteInfo = UI08_UINavigationController;
		};
/* End PBXContainerItemProxy section */

/* Begin PBXFileReference section */
		49EAD74C1C28FE6900C1992A /* UI08_UINavigationController.app */ = {isa = PBXFileReference; explicitFileType = wrapper.application; includeInIndex = 0; path = UI08_UINavigationController.app; sourceTree = BUILT_PRODUCTS_DIR; };
		49EAD7501C28FE6900C1992A /* main.m */ = {isa = PBXFileReference; lastKnownFileType = sourcecode.c.objc; path = main.m; sourceTree = "<group>"; };
		49EAD7521C28FE6900C1992A /* AppDelegate.h */ = {isa = PBXFileReference; lastKnownFileType = sourcecode.c.h; path = AppDelegate.h; sourceTree = "<group>"; };
		49EAD7531C28FE6900C1992A /* AppDelegate.m */ = {isa = PBXFileReference; lastKnownFileType = sourcecode.c.objc; path = AppDelegate.m; sourceTree = "<group>"; };
		49EAD7551C28FE6900C1992A /* ViewController.h */ = {isa = PBXFileReference; lastKnownFileType = sourcecode.c.h; path = ViewController.h; sourceTree = "<group>"; };
		49EAD7561C28FE6900C1992A /* ViewController.m */ = {isa = PBXFileReference; lastKnownFileType = sourcecode.c.objc; path = ViewController.m; sourceTree = "<group>"; };
		49EAD7591C28FE6900C1992A /* Base */ = {isa = PBXFileReference; lastKnownFileType = file.storyboard; name = Base; path = Base.lproj/Main.storyboard; sourceTree = "<group>"; };
		49EAD75B1C28FE6A00C1992A /* Assets.xcassets */ = {isa = PBXFileReference; lastKnownFileType = folder.assetcatalog; path = Assets.xcassets; sourceTree = "<group>"; };
		49EAD75E1C28FE6A00C1992A /* Base */ = {isa = PBXFileReference; lastKnownFileType = file.storyboard; name = Base; path = Base.lproj/LaunchScreen.storyboard; sourceTree = "<group>"; };
		49EAD7601C28FE6A00C1992A /* Info.plist */ = {isa = PBXFileReference; lastKnownFileType = text.plist.xml; path = Info.plist; sourceTree = "<group>"; };
		49EAD7651C28FE6A00C1992A /* UI08_UINavigationControllerTests.xctest */ = {isa = PBXFileReference; explicitFileType = wrapper.cfbundle; includeInIndex = 0; path = UI08_UINavigationControllerTests.xctest; sourceTree = BUILT_PRODUCTS_DIR; };
		49EAD7691C28FE6A00C1992A /* UI08_UINavigationControllerTests.m */ = {isa = PBXFileReference; lastKnownFileType = sourcecode.c.objc; path = UI08_UINavigationControllerTests.m; sourceTree = "<group>"; };
		49EAD76B1C28FE6A00C1992A /* Info.plist */ = {isa = PBXFileReference; lastKnownFileType = text.plist.xml; path = Info.plist; sourceTree = "<group>"; };
		49EAD7701C28FE6A00C1992A /* UI08_UINavigationControllerUITests.xctest */ = {isa = PBXFileReference; explicitFileType = wrapper.cfbundle; includeInIndex = 0; path = UI08_UINavigationControllerUITests.xctest; sourceTree = BUILT_PRODUCTS_DIR; };
		49EAD7741C28FE6A00C1992A /* UI08_UINavigationControllerUITests.m */ = {isa = PBXFileReference; lastKnownFileType = sourcecode.c.objc; path = UI08_UINavigationControllerUITests.m; sourceTree = "<group>"; };
		49EAD7761C28FE6A00C1992A /* Info.plist */ = {isa = PBXFileReference; lastKnownFileType = text.plist.xml; path = Info.plist; sourceTree = "<group>"; };
		49EAD7821C2901FB00C1992A /* SecondViewController.h */ = {isa = PBXFileReference; fileEncoding = 4; lastKnownFileType = sourcecode.c.h; path = SecondViewController.h; sourceTree = "<group>"; };
		49EAD7831C2901FB00C1992A /* SecondViewController.m */ = {isa = PBXFileReference; fileEncoding = 4; lastKnownFileType = sourcecode.c.objc; path = SecondViewController.m; sourceTree = "<group>"; };
		49EAD7851C29243100C1992A /* ThirdViewController.h */ = {isa = PBXFileReference; fileEncoding = 4; lastKnownFileType = sourcecode.c.h; path = ThirdViewController.h; sourceTree = "<group>"; };
		49EAD7861C29243100C1992A /* ThirdViewController.m */ = {isa = PBXFileReference; fileEncoding = 4; lastKnownFileType = sourcecode.c.objc; path = ThirdViewController.m; sourceTree = "<group>"; };
		49EAD78E1C2944B600C1992A /* map.png */ = {isa = PBXFileReference; lastKnownFileType = image.png; path = map.png; sourceTree = "<group>"; };
/* End PBXFileReference section */

/* Begin PBXFrameworksBuildPhase section */
		49EAD7491C28FE6900C1992A /* Frameworks */ = {
			isa = PBXFrameworksBuildPhase;
			buildActionMask = 2147483647;
			files = (
			);
			runOnlyForDeploymentPostprocessing = 0;
		};
		49EAD7621C28FE6A00C1992A /* Frameworks */ = {
			isa = PBXFrameworksBuildPhase;
			buildActionMask = 2147483647;
			files = (
			);
			runOnlyForDeploymentPostprocessing = 0;
		};
		49EAD76D1C28FE6A00C1992A /* Frameworks */ = {
			isa = PBXFrameworksBuildPhase;
			buildActionMask = 2147483647;
			files = (
			);
			runOnlyForDeploymentPostprocessing = 0;
		};
/* End PBXFrameworksBuildPhase section */

/* Begin PBXGroup section */
		49EAD7431C28FE6900C1992A = {
			isa = PBXGroup;
			children = (
				49EAD74E1C28FE6900C1992A /* UI08_UINavigationController */,
				49EAD7681C28FE6A00C1992A /* UI08_UINavigationControllerTests */,
				49EAD7731C28FE6A00C1992A /* UI08_UINavigationControllerUITests */,
				49EAD74D1C28FE6900C1992A /* Products */,
			);
			sourceTree = "<group>";
		};
		49EAD74D1C28FE6900C1992A /* Products */ = {
			isa = PBXGroup;
			children = (
				49EAD74C1C28FE6900C1992A /* UI08_UINavigationController.app */,
				49EAD7651C28FE6A00C1992A /* UI08_UINavigationControllerTests.xctest */,
				49EAD7701C28FE6A00C1992A /* UI08_UINavigationControllerUITests.xctest */,
			);
			name = Products;
			sourceTree = "<group>";
		};
		49EAD74E1C28FE6900C1992A /* UI08_UINavigationController */ = {
			isa = PBXGroup;
			children = (
				49EAD78E1C2944B600C1992A /* map.png */,
				49EAD7521C28FE6900C1992A /* AppDelegate.h */,
				49EAD7531C28FE6900C1992A /* AppDelegate.m */,
				49EAD7551C28FE6900C1992A /* ViewController.h */,
				49EAD7561C28FE6900C1992A /* ViewController.m */,
				49EAD7821C2901FB00C1992A /* SecondViewController.h */,
				49EAD7831C2901FB00C1992A /* SecondViewController.m */,
				49EAD7851C29243100C1992A /* ThirdViewController.h */,
				49EAD7861C29243100C1992A /* ThirdViewController.m */,
				49EAD7581C28FE6900C1992A /* Main.storyboard */,
				49EAD75B1C28FE6A00C1992A /* Assets.xcassets */,
				49EAD75D1C28FE6A00C1992A /* LaunchScreen.storyboard */,
				49EAD7601C28FE6A00C1992A /* Info.plist */,
				49EAD74F1C28FE6900C1992A /* Supporting Files */,
			);
			path = UI08_UINavigationController;
			sourceTree = "<group>";
		};
		49EAD74F1C28FE6900C1992A /* Supporting Files */ = {
			isa = PBXGroup;
			children = (
				49EAD7501C28FE6900C1992A /* main.m */,
			);
			name = "Supporting Files";
			sourceTree = "<group>";
		};
		49EAD7681C28FE6A00C1992A /* UI08_UINavigationControllerTests */ = {
			isa = PBXGroup;
			children = (
				49EAD7691C28FE6A00C1992A /* UI08_UINavigationControllerTests.m */,
				49EAD76B1C28FE6A00C1992A /* Info.plist */,
			);
			path = UI08_UINavigationControllerTests;
			sourceTree = "<group>";
		};
		49EAD7731C28FE6A00C1992A /* UI08_UINavigationControllerUITests */ = {
			isa = PBXGroup;
			children = (
				49EAD7741C28FE6A00C1992A /* UI08_UINavigationControllerUITests.m */,
				49EAD7761C28FE6A00C1992A /* Info.plist */,
			);
			path = UI08_UINavigationControllerUITests;
			sourceTree = "<group>";
		};
/* End PBXGroup section */

/* Begin PBXNativeTarget section */
		49EAD74B1C28FE6900C1992A /* UI08_UINavigationController */ = {
			isa = PBXNativeTarget;
			buildConfigurationList = 49EAD7791C28FE6A00C1992A /* Build configuration list for PBXNativeTarget "UI08_UINavigationController" */;
			buildPhases = (
				49EAD7481C28FE6900C1992A /* Sources */,
				49EAD7491C28FE6900C1992A /* Frameworks */,
				49EAD74A1C28FE6900C1992A /* Resources */,
			);
			buildRules = (
			);
			dependencies = (
			);
			name = UI08_UINavigationController;
			productName = UI08_UINavigationController;
			productReference = 49EAD74C1C28FE6900C1992A /* UI08_UINavigationController.app */;
			productType = "com.apple.product-type.application";
		};
		49EAD7641C28FE6A00C1992A /* UI08_UINavigationControllerTests */ = {
			isa = PBXNativeTarget;
			buildConfigurationList = 49EAD77C1C28FE6A00C1992A /* Build configuration list for PBXNativeTarget "UI08_UINavigationControllerTests" */;
			buildPhases = (
				49EAD7611C28FE6A00C1992A /* Sources */,
				49EAD7621C28FE6A00C1992A /* Frameworks */,
				49EAD7631C28FE6A00C1992A /* Resources */,
			);
			buildRules = (
			);
			dependencies = (
				49EAD7671C28FE6A00C1992A /* PBXTargetDependency */,
			);
			name = UI08_UINavigationControllerTests;
			productName = UI08_UINavigationControllerTests;
			productReference = 49EAD7651C28FE6A00C1992A /* UI08_UINavigationControllerTests.xctest */;
			productType = "com.apple.product-type.bundle.unit-test";
		};
		49EAD76F1C28FE6A00C1992A /* UI08_UINavigationControllerUITests */ = {
			isa = PBXNativeTarget;
			buildConfigurationList = 49EAD77F1C28FE6A00C1992A /* Build configuration list for PBXNativeTarget "UI08_UINavigationControllerUITests" */;
			buildPhases = (
				49EAD76C1C28FE6A00C1992A /* Sources */,
				49EAD76D1C28FE6A00C1992A /* Frameworks */,
				49EAD76E1C28FE6A00C1992A /* Resources */,
			);
			buildRules = (
			);
			dependencies = (
				49EAD7721C28FE6A00C1992A /* PBXTargetDependency */,
			);
			name = UI08_UINavigationControllerUITests;
			productName = UI08_UINavigationControllerUITests;
			productReference = 49EAD7701C28FE6A00C1992A /* UI08_UINavigationControllerUITests.xctest */;
			productType = "com.apple.product-type.bundle.ui-testing";
		};
/* End PBXNativeTarget section */

/* Begin PBXProject section */
		49EAD7441C28FE6900C1992A /* Project object */ = {
			isa = PBXProject;
			attributes = {
				LastUpgradeCheck = 0710;
				ORGANIZATIONNAME = "doll-61";
				TargetAttributes = {
					49EAD74B1C28FE6900C1992A = {
						CreatedOnToolsVersion = 7.1;
					};
					49EAD7641C28FE6A00C1992A = {
						CreatedOnToolsVersion = 7.1;
						TestTargetID = 49EAD74B1C28FE6900C1992A;
					};
					49EAD76F1C28FE6A00C1992A = {
						CreatedOnToolsVersion = 7.1;
						TestTargetID = 49EAD74B1C28FE6900C1992A;
					};
				};
			};
			buildConfigurationList = 49EAD7471C28FE6900C1992A /* Build configuration list for PBXProject "UI08_UINavigationController" */;
			compatibilityVersion = "Xcode 3.2";
			developmentRegion = English;
			hasScannedForEncodings = 0;
			knownRegions = (
				en,
				Base,
			);
			mainGroup = 49EAD7431C28FE6900C1992A;
			productRefGroup = 49EAD74D1C28FE6900C1992A /* Products */;
			projectDirPath = "";
			projectRoot = "";
			targets = (
				49EAD74B1C28FE6900C1992A /* UI08_UINavigationController */,
				49EAD7641C28FE6A00C1992A /* UI08_UINavigationControllerTests */,
				49EAD76F1C28FE6A00C1992A /* UI08_UINavigationControllerUITests */,
			);
		};
/* End PBXProject section */

/* Begin PBXResourcesBuildPhase section */
		49EAD74A1C28FE6900C1992A /* Resources */ = {
			isa = PBXResourcesBuildPhase;
			buildActionMask = 2147483647;
			files = (
				49EAD75F1C28FE6A00C1992A /* LaunchScreen.storyboard in Resources */,
				49EAD75C1C28FE6A00C1992A /* Assets.xcassets in Resources */,
				49EAD75A1C28FE6900C1992A /* Main.storyboard in Resources */,
				49EAD78F1C2944B600C1992A /* map.png in Resources */,
			);
			runOnlyForDeploymentPostprocessing = 0;
		};
		49EAD7631C28FE6A00C1992A /* Resources */ = {
			isa = PBXResourcesBuildPhase;
			buildActionMask = 2147483647;
			files = (
			);
			runOnlyForDeploymentPostprocessing = 0;
		};
		49EAD76E1C28FE6A00C1992A /* Resources */ = {
			isa = PBXResourcesBuildPhase;
			buildActionMask = 2147483647;
			files = (
			);
			runOnlyForDeploymentPostprocessing = 0;
		};
/* End PBXResourcesBuildPhase section */

/* Begin PBXSourcesBuildPhase section */
		49EAD7481C28FE6900C1992A /* Sources */ = {
			isa = PBXSourcesBuildPhase;
			buildActionMask = 2147483647;
			files = (
				49EAD7841C2901FB00C1992A /* SecondViewController.m in Sources */,
				49EAD7871C29243100C1992A /* ThirdViewController.m in Sources */,
				49EAD7571C28FE6900C1992A /* ViewController.m in Sources */,
				49EAD7541C28FE6900C1992A /* AppDelegate.m in Sources */,
				49EAD7511C28FE6900C1992A /* main.m in Sources */,
			);
			runOnlyForDeploymentPostprocessing = 0;
		};
		49EAD7611C28FE6A00C1992A /* Sources */ = {
			isa = PBXSourcesBuildPhase;
			buildActionMask = 2147483647;
			files = (
				49EAD76A1C28FE6A00C1992A /* UI08_UINavigationControllerTests.m in Sources */,
			);
			runOnlyForDeploymentPostprocessing = 0;
		};
		49EAD76C1C28FE6A00C1992A /* Sources */ = {
			isa = PBXSourcesBuildPhase;
			buildActionMask = 2147483647;
			files = (
				49EAD7751C28FE6A00C1992A /* UI08_UINavigationControllerUITests.m in Sources */,
			);
			runOnlyForDeploymentPostprocessing = 0;
		};
/* End PBXSourcesBuildPhase section */

/* Begin PBXTargetDependency section */
		49EAD7671C28FE6A00C1992A /* PBXTargetDependency */ = {
			isa = PBXTargetDependency;
			target = 49EAD74B1C28FE6900C1992A /* UI08_UINavigationController */;
			targetProxy = 49EAD7661C28FE6A00C1992A /* PBXContainerItemProxy */;
		};
		49EAD7721C28FE6A00C1992A /* PBXTargetDependency */ = {
			isa = PBXTargetDependency;
			target = 49EAD74B1C28FE6900C1992A /* UI08_UINavigationController */;
			targetProxy = 49EAD7711C28FE6A00C1992A /* PBXContainerItemProxy */;
		};
/* End PBXTargetDependency section */

/* Begin PBXVariantGroup section */
		49EAD7581C28FE6900C1992A /* Main.storyboard */ = {
			isa = PBXVariantGroup;
			children = (
				49EAD7591C28FE6900C1992A /* Base */,
			);
			name = Main.storyboard;
			sourceTree = "<group>";
		};
		49EAD75D1C28FE6A00C1992A /* LaunchScreen.storyboard */ = {
			isa = PBXVariantGroup;
			children = (
				49EAD75E1C28FE6A00C1992A /* Base */,
			);
			name = LaunchScreen.storyboard;
			sourceTree = "<group>";
		};
/* End PBXVariantGroup section */

/* Begin XCBuildConfiguration section */
		49EAD7771C28FE6A00C1992A /* Debug */ = {
			isa = XCBuildConfiguration;
			buildSettings = {
				ALWAYS_SEARCH_USER_PATHS = NO;
				CLANG_CXX_LANGUAGE_STANDARD = "gnu++0x";
				CLANG_CXX_LIBRARY = "libc++";
				CLANG_ENABLE_MODULES = YES;
				CLANG_ENABLE_OBJC_ARC = YES;
				CLANG_WARN_BOOL_CONVERSION = YES;
				CLANG_WARN_CONSTANT_CONVERSION = YES;
				CLANG_WARN_DIRECT_OBJC_ISA_USAGE = YES_ERROR;
				CLANG_WARN_EMPTY_BODY = YES;
				CLANG_WARN_ENUM_CONVERSION = YES;
				CLANG_WARN_INT_CONVERSION = YES;
				CLANG_WARN_OBJC_ROOT_CLASS = YES_ERROR;
				CLANG_WARN_UNREACHABLE_CODE = YES;
				CLANG_WARN__DUPLICATE_METHOD_MATCH = YES;
				"CODE_SIGN_IDENTITY[sdk=iphoneos*]" = "iPhone Developer";
				COPY_PHASE_STRIP = NO;
				DEBUG_INFORMATION_FORMAT = dwarf;
				ENABLE_STRICT_OBJC_MSGSEND = YES;
				ENABLE_TESTABILITY = YES;
				GCC_C_LANGUAGE_STANDARD = gnu99;
				GCC_DYNAMIC_NO_PIC = NO;
				GCC_NO_COMMON_BLOCKS = YES;
				GCC_OPTIMIZATION_LEVEL = 0;
				GCC_PREPROCESSOR_DEFINITIONS = (
					"DEBUG=1",
					"$(inherited)",
				);
				GCC_WARN_64_TO_32_BIT_CONVERSION = YES;
				GCC_WARN_ABOUT_RETURN_TYPE = YES_ERROR;
				GCC_WARN_UNDECLARED_SELECTOR = YES;
				GCC_WARN_UNINITIALIZED_AUTOS = YES_AGGRESSIVE;
				GCC_WARN_UNUSED_FUNCTION = YES;
				GCC_WARN_UNUSED_VARIABLE = YES;
				IPHONEOS_DEPLOYMENT_TARGET = 9.1;
				MTL_ENABLE_DEBUG_INFO = YES;
				ONLY_ACTIVE_ARCH = YES;
				SDKROOT = iphoneos;
			};
			name = Debug;
		};
		49EAD7781C28FE6A00C1992A /* Release */ = {
			isa = XCBuildConfiguration;
			buildSettings = {
				ALWAYS_SEARCH_USER_PATHS = NO;
				CLANG_CXX_LANGUAGE_STANDARD = "gnu++0x";
				CLANG_CXX_LIBRARY = "libc++";
				CLANG_ENABLE_MODULES = YES;
				CLANG_ENABLE_OBJC_ARC = YES;
				CLANG_WARN_BOOL_CONVERSION = YES;
				CLANG_WARN_CONSTANT_CONVERSION = YES;
				CLANG_WARN_DIRECT_OBJC_ISA_USAGE = YES_ERROR;
				CLANG_WARN_EMPTY_BODY = YES;
				CLANG_WARN_ENUM_CONVERSION = YES;
				CLANG_WARN_INT_CONVERSION = YES;
				CLANG_WARN_OBJC_ROOT_CLASS = YES_ERROR;
				CLANG_WARN_UNREACHABLE_CODE = YES;
				CLANG_WARN__DUPLICATE_METHOD_MATCH = YES;
				"CODE_SIGN_IDENTITY[sdk=iphoneos*]" = "iPhone Developer";
				COPY_PHASE_STRIP = NO;
				DEBUG_INFORMATION_FORMAT = "dwarf-with-dsym";
				ENABLE_NS_ASSERTIONS = NO;
				ENABLE_STRICT_OBJC_MSGSEND = YES;
				GCC_C_LANGUAGE_STANDARD = gnu99;
				GCC_NO_COMMON_BLOCKS = YES;
				GCC_WARN_64_TO_32_BIT_CONVERSION = YES;
				GCC_WARN_ABOUT_RETURN_TYPE = YES_ERROR;
				GCC_WARN_UNDECLARED_SELECTOR = YES;
				GCC_WARN_UNINITIALIZED_AUTOS = YES_AGGRESSIVE;
				GCC_WARN_UNUSED_FUNCTION = YES;
				GCC_WARN_UNUSED_VARIABLE = YES;
				IPHONEOS_DEPLOYMENT_TARGET = 9.1;
				MTL_ENABLE_DEBUG_INFO = NO;
				SDKROOT = iphoneos;
				VALIDATE_PRODUCT = YES;
			};
			name = Release;
		};
		49EAD77A1C28FE6A00C1992A /* Debug */ = {
			isa = XCBuildConfiguration;
			buildSettings = {
				ASSETCATALOG_COMPILER_APPICON_NAME = AppIcon;
				CLANG_ENABLE_OBJC_ARC = NO;
				INFOPLIST_FILE = UI08_UINavigationController/Info.plist;
				LD_RUNPATH_SEARCH_PATHS = "$(inherited) @executable_path/Frameworks";
				PRODUCT_BUNDLE_IDENTIFIER = "com.lanou3g.UI08-UINavigationController";
				PRODUCT_NAME = "$(TARGET_NAME)";
			};
			name = Debug;
		};
		49EAD77B1C28FE6A00C1992A /* Release */ = {
			isa = XCBuildConfiguration;
			buildSettings = {
				ASSETCATALOG_COMPILER_APPICON_NAME = AppIcon;
				CLANG_ENABLE_OBJC_ARC = NO;
				INFOPLIST_FILE = UI08_UINavigationController/Info.plist;
				LD_RUNPATH_SEARCH_PATHS = "$(inherited) @executable_path/Frameworks";
				PRODUCT_BUNDLE_IDENTIFIER = "com.lanou3g.UI08-UINavigationController";
				PRODUCT_NAME = "$(TARGET_NAME)";
			};
			name = Release;
		};
		49EAD77D1C28FE6A00C1992A /* Debug */ = {
			isa = XCBuildConfiguration;
			buildSettings = {
				BUNDLE_LOADER = "$(TEST_HOST)";
				INFOPLIST_FILE = UI08_UINavigationControllerTests/Info.plist;
				LD_RUNPATH_SEARCH_PATHS = "$(inherited) @executable_path/Frameworks @loader_path/Frameworks";
				PRODUCT_BUNDLE_IDENTIFIER = "com.lanou3g.UI08-UINavigationControllerTests";
				PRODUCT_NAME = "$(TARGET_NAME)";
				TEST_HOST = "$(BUILT_PRODUCTS_DIR)/UI08_UINavigationController.app/UI08_UINavigationController";
			};
			name = Debug;
		};
		49EAD77E1C28FE6A00C1992A /* Release */ = {
			isa = XCBuildConfiguration;
			buildSettings = {
				BUNDLE_LOADER = "$(TEST_HOST)";
				INFOPLIST_FILE = UI08_UINavigationControllerTests/Info.plist;
				LD_RUNPATH_SEARCH_PATHS = "$(inherited) @executable_path/Frameworks @loader_path/Frameworks";
				PRODUCT_BUNDLE_IDENTIFIER = "com.lanou3g.UI08-UINavigationControllerTests";
				PRODUCT_NAME = "$(TARGET_NAME)";
				TEST_HOST = "$(BUILT_PRODUCTS_DIR)/UI08_UINavigationController.app/UI08_UINavigationController";
			};
			name = Release;
		};
		49EAD7801C28FE6A00C1992A /* Debug */ = {
			isa = XCBuildConfiguration;
			buildSettings = {
				INFOPLIST_FILE = UI08_UINavigationControllerUITests/Info.plist;
				LD_RUNPATH_SEARCH_PATHS = "$(inherited) @executable_path/Frameworks @loader_path/Frameworks";
				PRODUCT_BUNDLE_IDENTIFIER = "com.lanou3g.UI08-UINavigationControllerUITests";
				PRODUCT_NAME = "$(TARGET_NAME)";
				TEST_TARGET_NAME = UI08_UINavigationController;
				USES_XCTRUNNER = YES;
			};
			name = Debug;
		};
		49EAD7811C28FE6A00C1992A /* Release */ = {
			isa = XCBuildConfiguration;
			buildSettings = {
				INFOPLIST_FILE = UI08_UINavigationControllerUITests/Info.plist;
				LD_RUNPATH_SEARCH_PATHS = "$(inherited) @executable_path/Frameworks @loader_path/Frameworks";
				PRODUCT_BUNDLE_IDENTIFIER = "com.lanou3g.UI08-UINavigationControllerUITests";
				PRODUCT_NAME = "$(TARGET_NAME)";
				TEST_TARGET_NAME = UI08_UINavigationController;
				USES_XCTRUNNER = YES;
			};
			name = Release;
		};
/* End XCBuildConfiguration section */

/* Begin XCConfigurationList section */
		49EAD7471C28FE6900C1992A /* Build configuration list for PBXProject "UI08_UINavigationController" */ = {
			isa = XCConfigurationList;
			buildConfigurations = (
				49EAD7771C28FE6A00C1992A /* Debug */,
				49EAD7781C28FE6A00C1992A /* Release */,
			);
			defaultConfigurationIsVisible = 0;
			defaultConfigurationName = Release;
		};
		49EAD7791C28FE6A00C1992A /* Build configuration list for PBXNativeTarget "UI08_UINavigationController" */ = {
			isa = XCConfigurationList;
			buildConfigurations = (
				49EAD77A1C28FE6A00C1992A /* Debug */,
				49EAD77B1C28FE6A00C1992A /* Release */,
			);
			defaultConfigurationIsVisible = 0;
			defaultConfigurationName = Release;
		};
		49EAD77C1C28FE6A00C1992A /* Build configuration list for PBXNativeTarget "UI08_UINavigationControllerTests" */ = {
			isa = XCConfigurationList;
			buildConfigurations = (
				49EAD77D1C28FE6A00C1992A /* Debug */,
				49EAD77E1C28FE6A00C1992A /* Release */,
			);
			defaultConfigurationIsVisible = 0;
			defaultConfigurationName = Release;
		};
		49EAD77F1C28FE6A00C1992A /* Build configuration list for PBXNativeTarget "UI08_UINavigationControllerUITests" */ = {
			isa = XCConfigurationList;
			buildConfigurations = (
				49EAD7801C28FE6A00C1992A /* Debug */,
				49EAD7811C28FE6A00C1992A /* Release */,
			);
			defaultConfigurationIsVisible = 0;
			defaultConfigurationName = Release;
		};
/* End XCConfigurationList section */
	};
	rootObject = 49EAD7441C28FE6900C1992A /* Project object */;
}
